// !$*UTF8*$!
{
	archiveVersion = 1;
	classes = {
	};
	objectVersion = 48;
	objects = {

/* Begin PBXBuildFile section */
		B98175701FF39F29001A1F6C /* EventLoader.swift in Sources */ = {isa = PBXBuildFile; fileRef = B981756F1FF39F29001A1F6C /* EventLoader.swift */; };
		B98175721FF39F3B001A1F6C /* EventViewController.swift in Sources */ = {isa = PBXBuildFile; fileRef = B98175711FF39F3B001A1F6C /* EventViewController.swift */; };
		B98175741FF3A8D7001A1F6C /* Schedule.swift in Sources */ = {isa = PBXBuildFile; fileRef = B98175731FF3A8D7001A1F6C /* Schedule.swift */; };
		B98175761FF3C17C001A1F6C /* Constants.swift in Sources */ = {isa = PBXBuildFile; fileRef = B98175751FF3C17C001A1F6C /* Constants.swift */; };
		B981757A1FF3C4AA001A1F6C /* DC-Theme.bundle in Resources */ = {isa = PBXBuildFile; fileRef = B98175791FF3C4AA001A1F6C /* DC-Theme.bundle */; };
		B9B6CE8A1FC710F300435F86 /* MainViewController.swift in Sources */ = {isa = PBXBuildFile; fileRef = B9B6CE891FC710F300435F86 /* MainViewController.swift */; };
		B9BB593A1FE6B99A00F689F5 /* ChildViewController.swift in Sources */ = {isa = PBXBuildFile; fileRef = B9BB59391FE6B99900F689F5 /* ChildViewController.swift */; };
		B9BB593C1FE6B9F800F689F5 /* HomeViewController.swift in Sources */ = {isa = PBXBuildFile; fileRef = B9BB593B1FE6B9F800F689F5 /* HomeViewController.swift */; };
		B9FA4CB31FC7000400956099 /* AppDelegate.swift in Sources */ = {isa = PBXBuildFile; fileRef = B9FA4CB21FC7000400956099 /* AppDelegate.swift */; };
		B9FA4CB61FC7000400956099 /* asce_ios.xcdatamodeld in Sources */ = {isa = PBXBuildFile; fileRef = B9FA4CB41FC7000400956099 /* asce_ios.xcdatamodeld */; };
		B9FA4CB81FC7000400956099 /* MasterViewController.swift in Sources */ = {isa = PBXBuildFile; fileRef = B9FA4CB71FC7000400956099 /* MasterViewController.swift */; };
		B9FA4CBA1FC7000400956099 /* DetailViewController.swift in Sources */ = {isa = PBXBuildFile; fileRef = B9FA4CB91FC7000400956099 /* DetailViewController.swift */; };
		B9FA4CBD1FC7000400956099 /* Main.storyboard in Resources */ = {isa = PBXBuildFile; fileRef = B9FA4CBB1FC7000400956099 /* Main.storyboard */; };
		B9FA4CBF1FC7000400956099 /* Assets.xcassets in Resources */ = {isa = PBXBuildFile; fileRef = B9FA4CBE1FC7000400956099 /* Assets.xcassets */; };
		B9FA4CC21FC7000400956099 /* LaunchScreen.storyboard in Resources */ = {isa = PBXBuildFile; fileRef = B9FA4CC01FC7000400956099 /* LaunchScreen.storyboard */; };
		B9FA4CCD1FC7000400956099 /* asce_iosTests.swift in Sources */ = {isa = PBXBuildFile; fileRef = B9FA4CCC1FC7000400956099 /* asce_iosTests.swift */; };
		B9FA4CD81FC7000400956099 /* asce_iosUITests.swift in Sources */ = {isa = PBXBuildFile; fileRef = B9FA4CD71FC7000400956099 /* asce_iosUITests.swift */; };
		B9FA4CEA1FC7056700956099 /* TableViewMenuController.swift in Sources */ = {isa = PBXBuildFile; fileRef = B9FA4CE51FC7056600956099 /* TableViewMenuController.swift */; };
		B9FA4CEB1FC7056700956099 /* ZFRippleButton.swift in Sources */ = {isa = PBXBuildFile; fileRef = B9FA4CE61FC7056700956099 /* ZFRippleButton.swift */; };
		B9FA4CEC1FC7056700956099 /* BaseViewController.swift in Sources */ = {isa = PBXBuildFile; fileRef = B9FA4CE71FC7056700956099 /* BaseViewController.swift */; };
		B9FA4CED1FC7056700956099 /* MenuTableViewCell.swift in Sources */ = {isa = PBXBuildFile; fileRef = B9FA4CE81FC7056700956099 /* MenuTableViewCell.swift */; };
		B9FA4CF41FC70F3500956099 /* BoringViewController.swift in Sources */ = {isa = PBXBuildFile; fileRef = B9FA4CF31FC70F3500956099 /* BoringViewController.swift */; };
/* End PBXBuildFile section */

/* Begin PBXContainerItemProxy section */
		B9FA4CC91FC7000400956099 /* PBXContainerItemProxy */ = {
			isa = PBXContainerItemProxy;
			containerPortal = B9FA4CA71FC7000400956099 /* Project object */;
			proxyType = 1;
			remoteGlobalIDString = B9FA4CAE1FC7000400956099;
			remoteInfo = "asce-ios";
		};
		B9FA4CD41FC7000400956099 /* PBXContainerItemProxy */ = {
			isa = PBXContainerItemProxy;
			containerPortal = B9FA4CA71FC7000400956099 /* Project object */;
			proxyType = 1;
			remoteGlobalIDString = B9FA4CAE1FC7000400956099;
			remoteInfo = "asce-ios";
		};
/* End PBXContainerItemProxy section */

/* Begin PBXFileReference section */
		B981756F1FF39F29001A1F6C /* EventLoader.swift */ = {isa = PBXFileReference; lastKnownFileType = sourcecode.swift; path = EventLoader.swift; sourceTree = "<group>"; };
		B98175711FF39F3B001A1F6C /* EventViewController.swift */ = {isa = PBXFileReference; lastKnownFileType = sourcecode.swift; path = EventViewController.swift; sourceTree = "<group>"; };
		B98175731FF3A8D7001A1F6C /* Schedule.swift */ = {isa = PBXFileReference; lastKnownFileType = sourcecode.swift; path = Schedule.swift; sourceTree = "<group>"; };
		B98175751FF3C17C001A1F6C /* Constants.swift */ = {isa = PBXFileReference; lastKnownFileType = sourcecode.swift; path = Constants.swift; sourceTree = "<group>"; };
		B98175791FF3C4AA001A1F6C /* DC-Theme.bundle */ = {isa = PBXFileReference; lastKnownFileType = "wrapper.plug-in"; path = "DC-Theme.bundle"; sourceTree = "<group>"; };
		B9B6CE891FC710F300435F86 /* MainViewController.swift */ = {isa = PBXFileReference; lastKnownFileType = sourcecode.swift; path = MainViewController.swift; sourceTree = "<group>"; };
		B9BB59391FE6B99900F689F5 /* ChildViewController.swift */ = {isa = PBXFileReference; fileEncoding = 4; lastKnownFileType = sourcecode.swift; name = ChildViewController.swift; path = ../../../../../../.Trash/ChildViewController.swift; sourceTree = "<group>"; };
		B9BB593B1FE6B9F800F689F5 /* HomeViewController.swift */ = {isa = PBXFileReference; lastKnownFileType = sourcecode.swift; path = HomeViewController.swift; sourceTree = "<group>"; };
		B9FA4CAF1FC7000400956099 /* asce-ios.app */ = {isa = PBXFileReference; explicitFileType = wrapper.application; includeInIndex = 0; path = "asce-ios.app"; sourceTree = BUILT_PRODUCTS_DIR; };
		B9FA4CB21FC7000400956099 /* AppDelegate.swift */ = {isa = PBXFileReference; lastKnownFileType = sourcecode.swift; path = AppDelegate.swift; sourceTree = "<group>"; };
		B9FA4CB51FC7000400956099 /* asce_ios.xcdatamodel */ = {isa = PBXFileReference; lastKnownFileType = wrapper.xcdatamodel; path = asce_ios.xcdatamodel; sourceTree = "<group>"; };
		B9FA4CB71FC7000400956099 /* MasterViewController.swift */ = {isa = PBXFileReference; lastKnownFileType = sourcecode.swift; path = MasterViewController.swift; sourceTree = "<group>"; };
		B9FA4CB91FC7000400956099 /* DetailViewController.swift */ = {isa = PBXFileReference; lastKnownFileType = sourcecode.swift; path = DetailViewController.swift; sourceTree = "<group>"; };
		B9FA4CBC1FC7000400956099 /* Base */ = {isa = PBXFileReference; lastKnownFileType = file.storyboard; name = Base; path = Base.lproj/Main.storyboard; sourceTree = "<group>"; };
		B9FA4CBE1FC7000400956099 /* Assets.xcassets */ = {isa = PBXFileReference; lastKnownFileType = folder.assetcatalog; path = Assets.xcassets; sourceTree = "<group>"; };
		B9FA4CC11FC7000400956099 /* Base */ = {isa = PBXFileReference; lastKnownFileType = file.storyboard; name = Base; path = Base.lproj/LaunchScreen.storyboard; sourceTree = "<group>"; };
		B9FA4CC31FC7000400956099 /* Info.plist */ = {isa = PBXFileReference; lastKnownFileType = text.plist.xml; path = Info.plist; sourceTree = "<group>"; };
		B9FA4CC81FC7000400956099 /* asce-iosTests.xctest */ = {isa = PBXFileReference; explicitFileType = wrapper.cfbundle; includeInIndex = 0; path = "asce-iosTests.xctest"; sourceTree = BUILT_PRODUCTS_DIR; };
		B9FA4CCC1FC7000400956099 /* asce_iosTests.swift */ = {isa = PBXFileReference; lastKnownFileType = sourcecode.swift; path = asce_iosTests.swift; sourceTree = "<group>"; };
		B9FA4CCE1FC7000400956099 /* Info.plist */ = {isa = PBXFileReference; lastKnownFileType = text.plist.xml; path = Info.plist; sourceTree = "<group>"; };
		B9FA4CD31FC7000400956099 /* asce-iosUITests.xctest */ = {isa = PBXFileReference; explicitFileType = wrapper.cfbundle; includeInIndex = 0; path = "asce-iosUITests.xctest"; sourceTree = BUILT_PRODUCTS_DIR; };
		B9FA4CD71FC7000400956099 /* asce_iosUITests.swift */ = {isa = PBXFileReference; lastKnownFileType = sourcecode.swift; path = asce_iosUITests.swift; sourceTree = "<group>"; };
		B9FA4CD91FC7000400956099 /* Info.plist */ = {isa = PBXFileReference; lastKnownFileType = text.plist.xml; path = Info.plist; sourceTree = "<group>"; };
		B9FA4CE51FC7056600956099 /* TableViewMenuController.swift */ = {isa = PBXFileReference; fileEncoding = 4; lastKnownFileType = sourcecode.swift; path = TableViewMenuController.swift; sourceTree = "<group>"; };
		B9FA4CE61FC7056700956099 /* ZFRippleButton.swift */ = {isa = PBXFileReference; fileEncoding = 4; lastKnownFileType = sourcecode.swift; path = ZFRippleButton.swift; sourceTree = "<group>"; };
		B9FA4CE71FC7056700956099 /* BaseViewController.swift */ = {isa = PBXFileReference; fileEncoding = 4; lastKnownFileType = sourcecode.swift; path = BaseViewController.swift; sourceTree = "<group>"; };
		B9FA4CE81FC7056700956099 /* MenuTableViewCell.swift */ = {isa = PBXFileReference; fileEncoding = 4; lastKnownFileType = sourcecode.swift; path = MenuTableViewCell.swift; sourceTree = "<group>"; };
		B9FA4CF31FC70F3500956099 /* BoringViewController.swift */ = {isa = PBXFileReference; lastKnownFileType = sourcecode.swift; path = BoringViewController.swift; sourceTree = "<group>"; };
/* End PBXFileReference section */

/* Begin PBXFrameworksBuildPhase section */
		B9FA4CAC1FC7000400956099 /* Frameworks */ = {
			isa = PBXFrameworksBuildPhase;
			buildActionMask = 2147483647;
			files = (
			);
			runOnlyForDeploymentPostprocessing = 0;
		};
		B9FA4CC51FC7000400956099 /* Frameworks */ = {
			isa = PBXFrameworksBuildPhase;
			buildActionMask = 2147483647;
			files = (
			);
			runOnlyForDeploymentPostprocessing = 0;
		};
		B9FA4CD01FC7000400956099 /* Frameworks */ = {
			isa = PBXFrameworksBuildPhase;
			buildActionMask = 2147483647;
			files = (
			);
			runOnlyForDeploymentPostprocessing = 0;
		};
/* End PBXFrameworksBuildPhase section */

/* Begin PBXGroup section */
		B98175771FF3C451001A1F6C /* Targets */ = {
			isa = PBXGroup;
			children = (
				B9FA4CC31FC7000400956099 /* Info.plist */,
				B98175781FF3C466001A1F6C /* Resources */,
			);
			path = Targets;
			sourceTree = "<group>";
		};
		B98175781FF3C466001A1F6C /* Resources */ = {
			isa = PBXGroup;
			children = (
				B98175791FF3C4AA001A1F6C /* DC-Theme.bundle */,
			);
			path = Resources;
			sourceTree = "<group>";
		};
		B9FA4CA61FC7000400956099 = {
			isa = PBXGroup;
			children = (
				B98175771FF3C451001A1F6C /* Targets */,
				B9FA4CB11FC7000400956099 /* asce-ios */,
				B9FA4CCB1FC7000400956099 /* asce-iosTests */,
				B9FA4CD61FC7000400956099 /* asce-iosUITests */,
				B9FA4CB01FC7000400956099 /* Products */,
			);
			sourceTree = "<group>";
		};
		B9FA4CB01FC7000400956099 /* Products */ = {
			isa = PBXGroup;
			children = (
				B9FA4CAF1FC7000400956099 /* asce-ios.app */,
				B9FA4CC81FC7000400956099 /* asce-iosTests.xctest */,
				B9FA4CD31FC7000400956099 /* asce-iosUITests.xctest */,
			);
			name = Products;
			sourceTree = "<group>";
		};
		B9FA4CB11FC7000400956099 /* asce-ios */ = {
			isa = PBXGroup;
			children = (
				B9FA4CF11FC7057E00956099 /* model */,
				B9FA4CF01FC7057800956099 /* controller */,
				B9FA4CEF1FC7056C00956099 /* views */,
				B9FA4CBB1FC7000400956099 /* Main.storyboard */,
				B9FA4CBE1FC7000400956099 /* Assets.xcassets */,
				B9FA4CC01FC7000400956099 /* LaunchScreen.storyboard */,
				B9FA4CB41FC7000400956099 /* asce_ios.xcdatamodeld */,
			);
			path = "asce-ios";
			sourceTree = "<group>";
		};
		B9FA4CCB1FC7000400956099 /* asce-iosTests */ = {
			isa = PBXGroup;
			children = (
				B9FA4CCC1FC7000400956099 /* asce_iosTests.swift */,
				B9FA4CCE1FC7000400956099 /* Info.plist */,
			);
			path = "asce-iosTests";
			sourceTree = "<group>";
		};
		B9FA4CD61FC7000400956099 /* asce-iosUITests */ = {
			isa = PBXGroup;
			children = (
				B9FA4CD71FC7000400956099 /* asce_iosUITests.swift */,
				B9FA4CD91FC7000400956099 /* Info.plist */,
			);
			path = "asce-iosUITests";
			sourceTree = "<group>";
		};
		B9FA4CEF1FC7056C00956099 /* views */ = {
			isa = PBXGroup;
			children = (
				B9FA4CF21FC7065E00956099 /* NavigationDrawer */,
				B9FA4CB71FC7000400956099 /* MasterViewController.swift */,
				B9FA4CB91FC7000400956099 /* DetailViewController.swift */,
				B9FA4CF31FC70F3500956099 /* BoringViewController.swift */,
				B9B6CE891FC710F300435F86 /* MainViewController.swift */,
				B9BB593B1FE6B9F800F689F5 /* HomeViewController.swift */,
				B98175711FF39F3B001A1F6C /* EventViewController.swift */,
			);
			path = views;
			sourceTree = "<group>";
		};
		B9FA4CF01FC7057800956099 /* controller */ = {
			isa = PBXGroup;
			children = (
			);
			path = controller;
			sourceTree = "<group>";
		};
		B9FA4CF11FC7057E00956099 /* model */ = {
			isa = PBXGroup;
			children = (
				B9FA4CB21FC7000400956099 /* AppDelegate.swift */,
				B981756F1FF39F29001A1F6C /* EventLoader.swift */,
				B98175731FF3A8D7001A1F6C /* Schedule.swift */,
				B98175751FF3C17C001A1F6C /* Constants.swift */,
			);
			path = model;
			sourceTree = "<group>";
		};
		B9FA4CF21FC7065E00956099 /* NavigationDrawer */ = {
			isa = PBXGroup;
			children = (
				B9FA4CE81FC7056700956099 /* MenuTableViewCell.swift */,
				B9FA4CE51FC7056600956099 /* TableViewMenuController.swift */,
				B9FA4CE61FC7056700956099 /* ZFRippleButton.swift */,
				B9FA4CE71FC7056700956099 /* BaseViewController.swift */,
				B9BB59391FE6B99900F689F5 /* ChildViewController.swift */,
			);
			path = NavigationDrawer;
			sourceTree = "<group>";
		};
/* End PBXGroup section */

/* Begin PBXNativeTarget section */
		B9FA4CAE1FC7000400956099 /* asce-ios */ = {
			isa = PBXNativeTarget;
			buildConfigurationList = B9FA4CDC1FC7000400956099 /* Build configuration list for PBXNativeTarget "asce-ios" */;
			buildPhases = (
				B9FA4CAB1FC7000400956099 /* Sources */,
				B9FA4CAC1FC7000400956099 /* Frameworks */,
				B9FA4CAD1FC7000400956099 /* Resources */,
			);
			buildRules = (
			);
			dependencies = (
			);
			name = "asce-ios";
			productName = "asce-ios";
			productReference = B9FA4CAF1FC7000400956099 /* asce-ios.app */;
			productType = "com.apple.product-type.application";
		};
		B9FA4CC71FC7000400956099 /* asce-iosTests */ = {
			isa = PBXNativeTarget;
			buildConfigurationList = B9FA4CDF1FC7000400956099 /* Build configuration list for PBXNativeTarget "asce-iosTests" */;
			buildPhases = (
				B9FA4CC41FC7000400956099 /* Sources */,
				B9FA4CC51FC7000400956099 /* Frameworks */,
				B9FA4CC61FC7000400956099 /* Resources */,
			);
			buildRules = (
			);
			dependencies = (
				B9FA4CCA1FC7000400956099 /* PBXTargetDependency */,
			);
			name = "asce-iosTests";
			productName = "asce-iosTests";
			productReference = B9FA4CC81FC7000400956099 /* asce-iosTests.xctest */;
			productType = "com.apple.product-type.bundle.unit-test";
		};
		B9FA4CD21FC7000400956099 /* asce-iosUITests */ = {
			isa = PBXNativeTarget;
			buildConfigurationList = B9FA4CE21FC7000400956099 /* Build configuration list for PBXNativeTarget "asce-iosUITests" */;
			buildPhases = (
				B9FA4CCF1FC7000400956099 /* Sources */,
				B9FA4CD01FC7000400956099 /* Frameworks */,
				B9FA4CD11FC7000400956099 /* Resources */,
			);
			buildRules = (
			);
			dependencies = (
				B9FA4CD51FC7000400956099 /* PBXTargetDependency */,
			);
			name = "asce-iosUITests";
			productName = "asce-iosUITests";
			productReference = B9FA4CD31FC7000400956099 /* asce-iosUITests.xctest */;
			productType = "com.apple.product-type.bundle.ui-testing";
		};
/* End PBXNativeTarget section */

/* Begin PBXProject section */
		B9FA4CA71FC7000400956099 /* Project object */ = {
			isa = PBXProject;
			attributes = {
				LastSwiftUpdateCheck = 0910;
				LastUpgradeCheck = 0910;
				ORGANIZATIONNAME = tutorials;
				TargetAttributes = {
					B9FA4CAE1FC7000400956099 = {
						CreatedOnToolsVersion = 9.1;
						ProvisioningStyle = Automatic;
					};
					B9FA4CC71FC7000400956099 = {
						CreatedOnToolsVersion = 9.1;
						ProvisioningStyle = Automatic;
						TestTargetID = B9FA4CAE1FC7000400956099;
					};
					B9FA4CD21FC7000400956099 = {
						CreatedOnToolsVersion = 9.1;
						ProvisioningStyle = Automatic;
						TestTargetID = B9FA4CAE1FC7000400956099;
					};
				};
			};
			buildConfigurationList = B9FA4CAA1FC7000400956099 /* Build configuration list for PBXProject "asce-ios" */;
			compatibilityVersion = "Xcode 8.0";
			developmentRegion = en;
			hasScannedForEncodings = 0;
			knownRegions = (
				en,
				Base,
			);
			mainGroup = B9FA4CA61FC7000400956099;
			productRefGroup = B9FA4CB01FC7000400956099 /* Products */;
			projectDirPath = "";
			projectRoot = "";
			targets = (
				B9FA4CAE1FC7000400956099 /* asce-ios */,
				B9FA4CC71FC7000400956099 /* asce-iosTests */,
				B9FA4CD21FC7000400956099 /* asce-iosUITests */,
			);
		};
/* End PBXProject section */

/* Begin PBXResourcesBuildPhase section */
		B9FA4CAD1FC7000400956099 /* Resources */ = {
			isa = PBXResourcesBuildPhase;
			buildActionMask = 2147483647;
			files = (
				B9FA4CC21FC7000400956099 /* LaunchScreen.storyboard in Resources */,
				B9FA4CBF1FC7000400956099 /* Assets.xcassets in Resources */,
				B981757A1FF3C4AA001A1F6C /* DC-Theme.bundle in Resources */,
				B9FA4CBD1FC7000400956099 /* Main.storyboard in Resources */,
			);
			runOnlyForDeploymentPostprocessing = 0;
		};
		B9FA4CC61FC7000400956099 /* Resources */ = {
			isa = PBXResourcesBuildPhase;
			buildActionMask = 2147483647;
			files = (
			);
			runOnlyForDeploymentPostprocessing = 0;
		};
		B9FA4CD11FC7000400956099 /* Resources */ = {
			isa = PBXResourcesBuildPhase;
			buildActionMask = 2147483647;
			files = (
			);
			runOnlyForDeploymentPostprocessing = 0;
		};
/* End PBXResourcesBuildPhase section */

/* Begin PBXSourcesBuildPhase section */
		B9FA4CAB1FC7000400956099 /* Sources */ = {
			isa = PBXSourcesBuildPhase;
			buildActionMask = 2147483647;
			files = (
				B9BB593A1FE6B99A00F689F5 /* ChildViewController.swift in Sources */,
				B98175701FF39F29001A1F6C /* EventLoader.swift in Sources */,
				B9FA4CB31FC7000400956099 /* AppDelegate.swift in Sources */,
				B9B6CE8A1FC710F300435F86 /* MainViewController.swift in Sources */,
				B9FA4CB61FC7000400956099 /* asce_ios.xcdatamodeld in Sources */,
				B9FA4CED1FC7056700956099 /* MenuTableViewCell.swift in Sources */,
				B98175721FF39F3B001A1F6C /* EventViewController.swift in Sources */,
				B98175761FF3C17C001A1F6C /* Constants.swift in Sources */,
				B9FA4CB81FC7000400956099 /* MasterViewController.swift in Sources */,
				B9FA4CEB1FC7056700956099 /* ZFRippleButton.swift in Sources */,
				B9FA4CEA1FC7056700956099 /* TableViewMenuController.swift in Sources */,
				B98175741FF3A8D7001A1F6C /* Schedule.swift in Sources */,
				B9FA4CEC1FC7056700956099 /* BaseViewController.swift in Sources */,
				B9FA4CBA1FC7000400956099 /* DetailViewController.swift in Sources */,
				B9FA4CF41FC70F3500956099 /* BoringViewController.swift in Sources */,
				B9BB593C1FE6B9F800F689F5 /* HomeViewController.swift in Sources */,
			);
			runOnlyForDeploymentPostprocessing = 0;
		};
		B9FA4CC41FC7000400956099 /* Sources */ = {
			isa = PBXSourcesBuildPhase;
			buildActionMask = 2147483647;
			files = (
				B9FA4CCD1FC7000400956099 /* asce_iosTests.swift in Sources */,
			);
			runOnlyForDeploymentPostprocessing = 0;
		};
		B9FA4CCF1FC7000400956099 /* Sources */ = {
			isa = PBXSourcesBuildPhase;
			buildActionMask = 2147483647;
			files = (
				B9FA4CD81FC7000400956099 /* asce_iosUITests.swift in Sources */,
			);
			runOnlyForDeploymentPostprocessing = 0;
		};
/* End PBXSourcesBuildPhase section */

/* Begin PBXTargetDependency section */
		B9FA4CCA1FC7000400956099 /* PBXTargetDependency */ = {
			isa = PBXTargetDependency;
			target = B9FA4CAE1FC7000400956099 /* asce-ios */;
			targetProxy = B9FA4CC91FC7000400956099 /* PBXContainerItemProxy */;
		};
		B9FA4CD51FC7000400956099 /* PBXTargetDependency */ = {
			isa = PBXTargetDependency;
			target = B9FA4CAE1FC7000400956099 /* asce-ios */;
			targetProxy = B9FA4CD41FC7000400956099 /* PBXContainerItemProxy */;
		};
/* End PBXTargetDependency section */

/* Begin PBXVariantGroup section */
		B9FA4CBB1FC7000400956099 /* Main.storyboard */ = {
			isa = PBXVariantGroup;
			children = (
				B9FA4CBC1FC7000400956099 /* Base */,
			);
			name = Main.storyboard;
			sourceTree = "<group>";
		};
		B9FA4CC01FC7000400956099 /* LaunchScreen.storyboard */ = {
			isa = PBXVariantGroup;
			children = (
				B9FA4CC11FC7000400956099 /* Base */,
			);
			name = LaunchScreen.storyboard;
			sourceTree = "<group>";
		};
/* End PBXVariantGroup section */

/* Begin XCBuildConfiguration section */
		B9FA4CDA1FC7000400956099 /* Debug */ = {
			isa = XCBuildConfiguration;
			buildSettings = {
				ALWAYS_SEARCH_USER_PATHS = NO;
				CLANG_ANALYZER_NONNULL = YES;
				CLANG_ANALYZER_NUMBER_OBJECT_CONVERSION = YES_AGGRESSIVE;
				CLANG_CXX_LANGUAGE_STANDARD = "gnu++14";
				CLANG_CXX_LIBRARY = "libc++";
				CLANG_ENABLE_MODULES = YES;
				CLANG_ENABLE_OBJC_ARC = YES;
				CLANG_WARN_BLOCK_CAPTURE_AUTORELEASING = YES;
				CLANG_WARN_BOOL_CONVERSION = YES;
				CLANG_WARN_COMMA = YES;
				CLANG_WARN_CONSTANT_CONVERSION = YES;
				CLANG_WARN_DIRECT_OBJC_ISA_USAGE = YES_ERROR;
				CLANG_WARN_DOCUMENTATION_COMMENTS = YES;
				CLANG_WARN_EMPTY_BODY = YES;
				CLANG_WARN_ENUM_CONVERSION = YES;
				CLANG_WARN_INFINITE_RECURSION = YES;
				CLANG_WARN_INT_CONVERSION = YES;
				CLANG_WARN_NON_LITERAL_NULL_CONVERSION = YES;
				CLANG_WARN_OBJC_LITERAL_CONVERSION = YES;
				CLANG_WARN_OBJC_ROOT_CLASS = YES_ERROR;
				CLANG_WARN_RANGE_LOOP_ANALYSIS = YES;
				CLANG_WARN_STRICT_PROTOTYPES = YES;
				CLANG_WARN_SUSPICIOUS_MOVE = YES;
				CLANG_WARN_UNGUARDED_AVAILABILITY = YES_AGGRESSIVE;
				CLANG_WARN_UNREACHABLE_CODE = YES;
				CLANG_WARN__DUPLICATE_METHOD_MATCH = YES;
				CODE_SIGN_IDENTITY = "iPhone Developer";
				COPY_PHASE_STRIP = NO;
				DEBUG_INFORMATION_FORMAT = dwarf;
				ENABLE_STRICT_OBJC_MSGSEND = YES;
				ENABLE_TESTABILITY = YES;
				GCC_C_LANGUAGE_STANDARD = gnu11;
				GCC_DYNAMIC_NO_PIC = NO;
				GCC_NO_COMMON_BLOCKS = YES;
				GCC_OPTIMIZATION_LEVEL = 0;
				GCC_PREPROCESSOR_DEFINITIONS = (
					"DEBUG=1",
					"$(inherited)",
				);
				GCC_WARN_64_TO_32_BIT_CONVERSION = YES;
				GCC_WARN_ABOUT_RETURN_TYPE = YES_ERROR;
				GCC_WARN_UNDECLARED_SELECTOR = YES;
				GCC_WARN_UNINITIALIZED_AUTOS = YES_AGGRESSIVE;
				GCC_WARN_UNUSED_FUNCTION = YES;
				GCC_WARN_UNUSED_VARIABLE = YES;
				IPHONEOS_DEPLOYMENT_TARGET = 11.1;
				MTL_ENABLE_DEBUG_INFO = YES;
				ONLY_ACTIVE_ARCH = YES;
				SDKROOT = iphoneos;
				SWIFT_ACTIVE_COMPILATION_CONDITIONS = DEBUG;
				SWIFT_OPTIMIZATION_LEVEL = "-Onone";
			};
			name = Debug;
		};
		B9FA4CDB1FC7000400956099 /* Release */ = {
			isa = XCBuildConfiguration;
			buildSettings = {
				ALWAYS_SEARCH_USER_PATHS = NO;
				CLANG_ANALYZER_NONNULL = YES;
				CLANG_ANALYZER_NUMBER_OBJECT_CONVERSION = YES_AGGRESSIVE;
				CLANG_CXX_LANGUAGE_STANDARD = "gnu++14";
				CLANG_CXX_LIBRARY = "libc++";
				CLANG_ENABLE_MODULES = YES;
				CLANG_ENABLE_OBJC_ARC = YES;
				CLANG_WARN_BLOCK_CAPTURE_AUTORELEASING = YES;
				CLANG_WARN_BOOL_CONVERSION = YES;
				CLANG_WARN_COMMA = YES;
				CLANG_WARN_CONSTANT_CONVERSION = YES;
				CLANG_WARN_DIRECT_OBJC_ISA_USAGE = YES_ERROR;
				CLANG_WARN_DOCUMENTATION_COMMENTS = YES;
				CLANG_WARN_EMPTY_BODY = YES;
				CLANG_WARN_ENUM_CONVERSION = YES;
				CLANG_WARN_INFINITE_RECURSION = YES;
				CLANG_WARN_INT_CONVERSION = YES;
				CLANG_WARN_NON_LITERAL_NULL_CONVERSION = YES;
				CLANG_WARN_OBJC_LITERAL_CONVERSION = YES;
				CLANG_WARN_OBJC_ROOT_CLASS = YES_ERROR;
				CLANG_WARN_RANGE_LOOP_ANALYSIS = YES;
				CLANG_WARN_STRICT_PROTOTYPES = YES;
				CLANG_WARN_SUSPICIOUS_MOVE = YES;
				CLANG_WARN_UNGUARDED_AVAILABILITY = YES_AGGRESSIVE;
				CLANG_WARN_UNREACHABLE_CODE = YES;
				CLANG_WARN__DUPLICATE_METHOD_MATCH = YES;
				CODE_SIGN_IDENTITY = "iPhone Developer";
				COPY_PHASE_STRIP = NO;
				DEBUG_INFORMATION_FORMAT = "dwarf-with-dsym";
				ENABLE_NS_ASSERTIONS = NO;
				ENABLE_STRICT_OBJC_MSGSEND = YES;
				GCC_C_LANGUAGE_STANDARD = gnu11;
				GCC_NO_COMMON_BLOCKS = YES;
				GCC_WARN_64_TO_32_BIT_CONVERSION = YES;
				GCC_WARN_ABOUT_RETURN_TYPE = YES_ERROR;
				GCC_WARN_UNDECLARED_SELECTOR = YES;
				GCC_WARN_UNINITIALIZED_AUTOS = YES_AGGRESSIVE;
				GCC_WARN_UNUSED_FUNCTION = YES;
				GCC_WARN_UNUSED_VARIABLE = YES;
				IPHONEOS_DEPLOYMENT_TARGET = 11.1;
				MTL_ENABLE_DEBUG_INFO = NO;
				SDKROOT = iphoneos;
				SWIFT_OPTIMIZATION_LEVEL = "-Owholemodule";
				VALIDATE_PRODUCT = YES;
			};
			name = Release;
		};
		B9FA4CDD1FC7000400956099 /* Debug */ = {
			isa = XCBuildConfiguration;
			buildSettings = {
				ASSETCATALOG_COMPILER_APPICON_NAME = AppIcon;
				CODE_SIGN_STYLE = Automatic;
				DEVELOPMENT_TEAM = 9VG23FDGEM;
				INFOPLIST_FILE = "$(SRCROOT)/Targets/info.plist";
				IPHONEOS_DEPLOYMENT_TARGET = 10.0;
				LD_RUNPATH_SEARCH_PATHS = "$(inherited) @executable_path/Frameworks";
				PRODUCT_BUNDLE_IDENTIFIER = "com.tutorials.asce-ios";
				PRODUCT_NAME = "$(TARGET_NAME)";
				SWIFT_VERSION = 4.0;
				TARGETED_DEVICE_FAMILY = "1,2";
			};
			name = Debug;
		};
		B9FA4CDE1FC7000400956099 /* Release */ = {
			isa = XCBuildConfiguration;
			buildSettings = {
				ASSETCATALOG_COMPILER_APPICON_NAME = AppIcon;
				CODE_SIGN_STYLE = Automatic;
				DEVELOPMENT_TEAM = 9VG23FDGEM;
				INFOPLIST_FILE = "$(SRCROOT)/Targets/info.plist";
				IPHONEOS_DEPLOYMENT_TARGET = 10.0;
				LD_RUNPATH_SEARCH_PATHS = "$(inherited) @executable_path/Frameworks";
				PRODUCT_BUNDLE_IDENTIFIER = "com.tutorials.asce-ios";
				PRODUCT_NAME = "$(TARGET_NAME)";
				SWIFT_VERSION = 4.0;
				TARGETED_DEVICE_FAMILY = "1,2";
			};
			name = Release;
		};
		B9FA4CE01FC7000400956099 /* Debug */ = {
			isa = XCBuildConfiguration;
			buildSettings = {
				ALWAYS_EMBED_SWIFT_STANDARD_LIBRARIES = YES;
				BUNDLE_LOADER = "$(TEST_HOST)";
				CODE_SIGN_STYLE = Automatic;
				INFOPLIST_FILE = "asce-iosTests/Info.plist";
				LD_RUNPATH_SEARCH_PATHS = "$(inherited) @executable_path/Frameworks @loader_path/Frameworks";
				PRODUCT_BUNDLE_IDENTIFIER = "com.tutorials.asce-iosTests";
				PRODUCT_NAME = "$(TARGET_NAME)";
				SWIFT_VERSION = 4.0;
				TARGETED_DEVICE_FAMILY = "1,2";
				TEST_HOST = "$(BUILT_PRODUCTS_DIR)/asce-ios.app/asce-ios";
			};
			name = Debug;
		};
		B9FA4CE11FC7000400956099 /* Release */ = {
			isa = XCBuildConfiguration;
			buildSettings = {
				ALWAYS_EMBED_SWIFT_STANDARD_LIBRARIES = YES;
				BUNDLE_LOADER = "$(TEST_HOST)";
				CODE_SIGN_STYLE = Automatic;
				INFOPLIST_FILE = "asce-iosTests/Info.plist";
				LD_RUNPATH_SEARCH_PATHS = "$(inherited) @executable_path/Frameworks @loader_path/Frameworks";
				PRODUCT_BUNDLE_IDENTIFIER = "com.tutorials.asce-iosTests";
				PRODUCT_NAME = "$(TARGET_NAME)";
				SWIFT_VERSION = 4.0;
				TARGETED_DEVICE_FAMILY = "1,2";
				TEST_HOST = "$(BUILT_PRODUCTS_DIR)/asce-ios.app/asce-ios";
			};
			name = Release;
		};
		B9FA4CE31FC7000400956099 /* Debug */ = {
			isa = XCBuildConfiguration;
			buildSettings = {
				ALWAYS_EMBED_SWIFT_STANDARD_LIBRARIES = YES;
				CODE_SIGN_STYLE = Automatic;
				INFOPLIST_FILE = "asce-iosUITests/Info.plist";
				LD_RUNPATH_SEARCH_PATHS = "$(inherited) @executable_path/Frameworks @loader_path/Frameworks";
				PRODUCT_BUNDLE_IDENTIFIER = "com.tutorials.asce-iosUITests";
				PRODUCT_NAME = "$(TARGET_NAME)";
				SWIFT_VERSION = 4.0;
				TARGETED_DEVICE_FAMILY = "1,2";
				TEST_TARGET_NAME = "asce-ios";
			};
			name = Debug;
		};
		B9FA4CE41FC7000400956099 /* Release */ = {
			isa = XCBuildConfiguration;
			buildSettings = {
				ALWAYS_EMBED_SWIFT_STANDARD_LIBRARIES = YES;
				CODE_SIGN_STYLE = Automatic;
				INFOPLIST_FILE = "asce-iosUITests/Info.plist";
				LD_RUNPATH_SEARCH_PATHS = "$(inherited) @executable_path/Frameworks @loader_path/Frameworks";
				PRODUCT_BUNDLE_IDENTIFIER = "com.tutorials.asce-iosUITests";
				PRODUCT_NAME = "$(TARGET_NAME)";
				SWIFT_VERSION = 4.0;
				TARGETED_DEVICE_FAMILY = "1,2";
				TEST_TARGET_NAME = "asce-ios";
			};
			name = Release;
		};
/* End XCBuildConfiguration section */

/* Begin XCConfigurationList section */
		B9FA4CAA1FC7000400956099 /* Build configuration list for PBXProject "asce-ios" */ = {
			isa = XCConfigurationList;
			buildConfigurations = (
				B9FA4CDA1FC7000400956099 /* Debug */,
				B9FA4CDB1FC7000400956099 /* Release */,
			);
			defaultConfigurationIsVisible = 0;
			defaultConfigurationName = Release;
		};
		B9FA4CDC1FC7000400956099 /* Build configuration list for PBXNativeTarget "asce-ios" */ = {
			isa = XCConfigurationList;
			buildConfigurations = (
				B9FA4CDD1FC7000400956099 /* Debug */,
				B9FA4CDE1FC7000400956099 /* Release */,
			);
			defaultConfigurationIsVisible = 0;
			defaultConfigurationName = Release;
		};
		B9FA4CDF1FC7000400956099 /* Build configuration list for PBXNativeTarget "asce-iosTests" */ = {
			isa = XCConfigurationList;
			buildConfigurations = (
				B9FA4CE01FC7000400956099 /* Debug */,
				B9FA4CE11FC7000400956099 /* Release */,
			);
			defaultConfigurationIsVisible = 0;
			defaultConfigurationName = Release;
		};
		B9FA4CE21FC7000400956099 /* Build configuration list for PBXNativeTarget "asce-iosUITests" */ = {
			isa = XCConfigurationList;
			buildConfigurations = (
				B9FA4CE31FC7000400956099 /* Debug */,
				B9FA4CE41FC7000400956099 /* Release */,
			);
			defaultConfigurationIsVisible = 0;
			defaultConfigurationName = Release;
		};
/* End XCConfigurationList section */

/* Begin XCVersionGroup section */
		B9FA4CB41FC7000400956099 /* asce_ios.xcdatamodeld */ = {
			isa = XCVersionGroup;
			children = (
				B9FA4CB51FC7000400956099 /* asce_ios.xcdatamodel */,
			);
			currentVersion = B9FA4CB51FC7000400956099 /* asce_ios.xcdatamodel */;
			path = asce_ios.xcdatamodeld;
			sourceTree = "<group>";
			versionGroupType = wrapper.xcdatamodel;
		};
/* End XCVersionGroup section */
	};
	rootObject = B9FA4CA71FC7000400956099 /* Project object */;
}
