// !$*UTF8*$!
{
	archiveVersion = 1;
	classes = {
	};
	objectVersion = 48;
	objects = {

/* Begin PBXBuildFile section */
		5F13EE372004C074000B1F3E /* speakers.txt in Resources */ = {isa = PBXBuildFile; fileRef = 5F13EE362004C074000B1F3E /* speakers.txt */; };
		5F7C97E71FEC5BFA0007F8E4 /* TwitterShareExtensionUIResources.bundle in Resources */ = {isa = PBXBuildFile; fileRef = 5F7C97E31FEC5BFA0007F8E4 /* TwitterShareExtensionUIResources.bundle */; };
		5F7C97E81FEC5BFA0007F8E4 /* TwitterKitResources.bundle in Resources */ = {isa = PBXBuildFile; fileRef = 5F7C97E41FEC5BFA0007F8E4 /* TwitterKitResources.bundle */; };
		5F7C97E91FEC5BFA0007F8E4 /* TwitterCore.framework in Frameworks */ = {isa = PBXBuildFile; fileRef = 5F7C97E51FEC5BFA0007F8E4 /* TwitterCore.framework */; };
		5F7C97EA1FEC5BFA0007F8E4 /* TwitterKit.framework in Frameworks */ = {isa = PBXBuildFile; fileRef = 5F7C97E61FEC5BFA0007F8E4 /* TwitterKit.framework */; };
		5F7C97EE1FEC5C230007F8E4 /* TwitterKit.framework in Embed Frameworks */ = {isa = PBXBuildFile; fileRef = 5F7C97E61FEC5BFA0007F8E4 /* TwitterKit.framework */; settings = {ATTRIBUTES = (CodeSignOnCopy, RemoveHeadersOnCopy, ); }; };
		5F7C97F21FEC66640007F8E4 /* TwitterViewController.swift in Sources */ = {isa = PBXBuildFile; fileRef = 5F7C97F11FEC66640007F8E4 /* TwitterViewController.swift */; };
		5FCDB1D51FF21C7900D638A8 /* HomeViewController.swift in Sources */ = {isa = PBXBuildFile; fileRef = 5FCDB1D41FF21C7900D638A8 /* HomeViewController.swift */; };
		5FCDB1D81FF21E4500D638A8 /* SpeakerViewController.swift in Sources */ = {isa = PBXBuildFile; fileRef = 5FCDB1D71FF21E4500D638A8 /* SpeakerViewController.swift */; };
		5FCDB1DA1FF21E5700D638A8 /* SponsorViewController.swift in Sources */ = {isa = PBXBuildFile; fileRef = 5FCDB1D91FF21E5700D638A8 /* SponsorViewController.swift */; };
		5FCDB1DE1FF21EBF00D638A8 /* ProgramViewController.swift in Sources */ = {isa = PBXBuildFile; fileRef = 5FCDB1DD1FF21EBF00D638A8 /* ProgramViewController.swift */; };
		5FCDB1E01FF21ED100D638A8 /* EventMapViewController.swift in Sources */ = {isa = PBXBuildFile; fileRef = 5FCDB1DF1FF21ED100D638A8 /* EventMapViewController.swift */; };
		5FCDB1E21FF21EF100D638A8 /* EntertainmentViewController.swift in Sources */ = {isa = PBXBuildFile; fileRef = 5FCDB1E11FF21EF100D638A8 /* EntertainmentViewController.swift */; };
		5FCDB22A1FF22A3500D638A8 /* SpeakerTableViewCell.swift in Sources */ = {isa = PBXBuildFile; fileRef = 5FCDB2291FF22A3500D638A8 /* SpeakerTableViewCell.swift */; };
		B9332A8A200B4A8A00D709F8 /* SpeakerCell.xib in Resources */ = {isa = PBXBuildFile; fileRef = B9332A89200B4A8900D709F8 /* SpeakerCell.xib */; };
		B9332A8C200C767000D709F8 /* SmallEventCell.swift in Sources */ = {isa = PBXBuildFile; fileRef = B9332A8B200C767000D709F8 /* SmallEventCell.swift */; };
		B9332A8E200D3E2B00D709F8 /* CollectionViewer.swift in Sources */ = {isa = PBXBuildFile; fileRef = B9332A8D200D3E2B00D709F8 /* CollectionViewer.swift */; };
		B9332A95200D43B000D709F8 /* MyTableCell.swift in Sources */ = {isa = PBXBuildFile; fileRef = B9332A94200D43B000D709F8 /* MyTableCell.swift */; };
		B9332A97200D47B500D709F8 /* CollectionViewCell.xib in Resources */ = {isa = PBXBuildFile; fileRef = B9332A96200D47B500D709F8 /* CollectionViewCell.xib */; };
		B9332A99200D978600D709F8 /* CollectionViewLayoutFlow.swift in Sources */ = {isa = PBXBuildFile; fileRef = B9332A98200D978600D709F8 /* CollectionViewLayoutFlow.swift */; };
		B93EB3A32020FA040023AB66 /* Rail.pdf in Resources */ = {isa = PBXBuildFile; fileRef = B93EB3A22020FA040023AB66 /* Rail.pdf */; };
		B93EB3A52020FA1B0023AB66 /* air.png in Resources */ = {isa = PBXBuildFile; fileRef = B93EB3A42020FA1A0023AB66 /* air.png */; };
		B93EB3A8202105EE0023AB66 /* ReadMore.swift in Sources */ = {isa = PBXBuildFile; fileRef = B93EB3A7202105EE0023AB66 /* ReadMore.swift */; };
		B93EB3AA2021093B0023AB66 /* WL draft.docx in Resources */ = {isa = PBXBuildFile; fileRef = B93EB3A92021093B0023AB66 /* WL draft.docx */; };
		B93EB3B020216AB60023AB66 /* EmergencyCell.swift in Sources */ = {isa = PBXBuildFile; fileRef = B93EB3AF20216AB60023AB66 /* EmergencyCell.swift */; };
		B93EB3B220216AC50023AB66 /* EmergencyViewController.swift in Sources */ = {isa = PBXBuildFile; fileRef = B93EB3B120216AC50023AB66 /* EmergencyViewController.swift */; };
		B9438D5720043D40002C457E /* GlobalMapViewController.swift in Sources */ = {isa = PBXBuildFile; fileRef = B9438D5620043D40002C457E /* GlobalMapViewController.swift */; };
		B94D6F44201BBAA800D90870 /* Storage.swift in Sources */ = {isa = PBXBuildFile; fileRef = B94D6F43201BBAA800D90870 /* Storage.swift */; };
		B957CCFB1FFEBF9A00FE935D /* EventDetailViewController.swift in Sources */ = {isa = PBXBuildFile; fileRef = B957CCFA1FFEBF9A00FE935D /* EventDetailViewController.swift */; };
		B957CD031FFFCBD800FE935D /* EventDetailHeaderCell.swift in Sources */ = {isa = PBXBuildFile; fileRef = B957CD021FFFCBD700FE935D /* EventDetailHeaderCell.swift */; };
		B957CD052000728500FE935D /* SpeakerCell.swift in Sources */ = {isa = PBXBuildFile; fileRef = B957CD042000728500FE935D /* SpeakerCell.swift */; };
		B957CD07200078A600FE935D /* DescriptionCell.swift in Sources */ = {isa = PBXBuildFile; fileRef = B957CD06200078A600FE935D /* DescriptionCell.swift */; };
		B96528ED20027D8A00D498F5 /* SpeakerDetailViewController.swift in Sources */ = {isa = PBXBuildFile; fileRef = B96528EC20027D8A00D498F5 /* SpeakerDetailViewController.swift */; };
		B97AE5CC1FF9BF21008D18EA /* BaseViewController.swift in Sources */ = {isa = PBXBuildFile; fileRef = B97AE5CB1FF9BF21008D18EA /* BaseViewController.swift */; };
		B97D77A92004968700427071 /* PdfViewerController.swift in Sources */ = {isa = PBXBuildFile; fileRef = B97D77A82004968700427071 /* PdfViewerController.swift */; };
		B97D77AD2004ABFC00427071 /* DescriptionCell.xib in Resources */ = {isa = PBXBuildFile; fileRef = B97D77AC2004ABFC00427071 /* DescriptionCell.xib */; };
		B97D77AF2005225A00427071 /* HeaderImageTableCell.swift in Sources */ = {isa = PBXBuildFile; fileRef = B97D77AE2005225A00427071 /* HeaderImageTableCell.swift */; };
		B9B6CE8A1FC710F300435F86 /* MainViewController.swift in Sources */ = {isa = PBXBuildFile; fileRef = B9B6CE891FC710F300435F86 /* MainViewController.swift */; };
		B9BBC60520044A1B0072B911 /* Second Level.pdf in Resources */ = {isa = PBXBuildFile; fileRef = B9BBC60320044A1B0072B911 /* Second Level.pdf */; };
		B9BBC60620044A1B0072B911 /* Mezzanine.pdf in Resources */ = {isa = PBXBuildFile; fileRef = B9BBC60420044A1B0072B911 /* Mezzanine.pdf */; };
		B9C29EA01FFA9394004E914F /* ascedb.sql in Resources */ = {isa = PBXBuildFile; fileRef = B9C29E9F1FFA9393004E914F /* ascedb.sql */; };
		B9C29EA21FFA9C18004E914F /* EventCell.xib in Resources */ = {isa = PBXBuildFile; fileRef = B9C29EA11FFA9C18004E914F /* EventCell.xib */; };
		B9C29EAD1FFAA337004E914F /* SponsorTableViewCell.swift in Sources */ = {isa = PBXBuildFile; fileRef = B9C29EAB1FFAA2F8004E914F /* SponsorTableViewCell.swift */; };
		B9DF2EFA1FF9A7B600F99037 /* DataClasses.swift in Sources */ = {isa = PBXBuildFile; fileRef = B9DF2EF71FF9A7B600F99037 /* DataClasses.swift */; };
		B9DF2EFB1FF9A7B600F99037 /* EventLoader.swift in Sources */ = {isa = PBXBuildFile; fileRef = B9DF2EF81FF9A7B600F99037 /* EventLoader.swift */; };
		B9DF2EFE1FF9B81200F99037 /* Constants.swift in Sources */ = {isa = PBXBuildFile; fileRef = B9DF2EFD1FF9B81200F99037 /* Constants.swift */; };
		B9DF2F031FF9B8C500F99037 /* EventCell.swift in Sources */ = {isa = PBXBuildFile; fileRef = B9DF2F021FF9B8C500F99037 /* EventCell.swift */; };
		B9DF2F071FF9B91E00F99037 /* EventViewController.swift in Sources */ = {isa = PBXBuildFile; fileRef = B9DF2F061FF9B91E00F99037 /* EventViewController.swift */; };
		B9DF2F0B1FF9BA5F00F99037 /* Database.swift in Sources */ = {isa = PBXBuildFile; fileRef = B9DF2F0A1FF9BA5F00F99037 /* Database.swift */; };
		B9FA4CB31FC7000400956099 /* AppDelegate.swift in Sources */ = {isa = PBXBuildFile; fileRef = B9FA4CB21FC7000400956099 /* AppDelegate.swift */; };
		B9FA4CB61FC7000400956099 /* asce_ios.xcdatamodeld in Sources */ = {isa = PBXBuildFile; fileRef = B9FA4CB41FC7000400956099 /* asce_ios.xcdatamodeld */; };
		B9FA4CB81FC7000400956099 /* MasterViewController.swift in Sources */ = {isa = PBXBuildFile; fileRef = B9FA4CB71FC7000400956099 /* MasterViewController.swift */; };
		B9FA4CBA1FC7000400956099 /* DetailViewController.swift in Sources */ = {isa = PBXBuildFile; fileRef = B9FA4CB91FC7000400956099 /* DetailViewController.swift */; };
		B9FA4CBD1FC7000400956099 /* Main.storyboard in Resources */ = {isa = PBXBuildFile; fileRef = B9FA4CBB1FC7000400956099 /* Main.storyboard */; };
		B9FA4CBF1FC7000400956099 /* Assets.xcassets in Resources */ = {isa = PBXBuildFile; fileRef = B9FA4CBE1FC7000400956099 /* Assets.xcassets */; };
		B9FA4CC21FC7000400956099 /* LaunchScreen.storyboard in Resources */ = {isa = PBXBuildFile; fileRef = B9FA4CC01FC7000400956099 /* LaunchScreen.storyboard */; };
		B9FA4CEA1FC7056700956099 /* TableViewMenuController.swift in Sources */ = {isa = PBXBuildFile; fileRef = B9FA4CE51FC7056600956099 /* TableViewMenuController.swift */; };
		B9FA4CEB1FC7056700956099 /* ZFRippleButton.swift in Sources */ = {isa = PBXBuildFile; fileRef = B9FA4CE61FC7056700956099 /* ZFRippleButton.swift */; };
		B9FA4CED1FC7056700956099 /* MenuTableViewCell.swift in Sources */ = {isa = PBXBuildFile; fileRef = B9FA4CE81FC7056700956099 /* MenuTableViewCell.swift */; };
/* End PBXBuildFile section */

/* Begin PBXContainerItemProxy section */
		B9FA4CC91FC7000400956099 /* PBXContainerItemProxy */ = {
			isa = PBXContainerItemProxy;
			containerPortal = B9FA4CA71FC7000400956099 /* Project object */;
			proxyType = 1;
			remoteGlobalIDString = B9FA4CAE1FC7000400956099;
			remoteInfo = "asce-ios";
		};
		B9FA4CD41FC7000400956099 /* PBXContainerItemProxy */ = {
			isa = PBXContainerItemProxy;
			containerPortal = B9FA4CA71FC7000400956099 /* Project object */;
			proxyType = 1;
			remoteGlobalIDString = B9FA4CAE1FC7000400956099;
			remoteInfo = "asce-ios";
		};
/* End PBXContainerItemProxy section */

/* Begin PBXCopyFilesBuildPhase section */
		5F7C97EF1FEC5C230007F8E4 /* Embed Frameworks */ = {
			isa = PBXCopyFilesBuildPhase;
			buildActionMask = 2147483647;
			dstPath = "";
			dstSubfolderSpec = 10;
			files = (
				5F7C97EE1FEC5C230007F8E4 /* TwitterKit.framework in Embed Frameworks */,
			);
			name = "Embed Frameworks";
			runOnlyForDeploymentPostprocessing = 0;
		};
/* End PBXCopyFilesBuildPhase section */

/* Begin PBXFileReference section */
		5F13EDF020048F46000B1F3E /* speakerPictures */ = {isa = PBXFileReference; lastKnownFileType = folder; name = speakerPictures; path = "/Users/baichengchen/Documents/GitHub/asce-ios/speakerPictures"; sourceTree = "<absolute>"; };
		5F13EE362004C074000B1F3E /* speakers.txt */ = {isa = PBXFileReference; fileEncoding = 4; lastKnownFileType = text; path = speakers.txt; sourceTree = SOURCE_ROOT; };
		5F7C97E31FEC5BFA0007F8E4 /* TwitterShareExtensionUIResources.bundle */ = {isa = PBXFileReference; lastKnownFileType = "wrapper.plug-in"; path = TwitterShareExtensionUIResources.bundle; sourceTree = "<group>"; };
		5F7C97E41FEC5BFA0007F8E4 /* TwitterKitResources.bundle */ = {isa = PBXFileReference; lastKnownFileType = "wrapper.plug-in"; path = TwitterKitResources.bundle; sourceTree = "<group>"; };
		5F7C97E51FEC5BFA0007F8E4 /* TwitterCore.framework */ = {isa = PBXFileReference; lastKnownFileType = wrapper.framework; path = TwitterCore.framework; sourceTree = "<group>"; };
		5F7C97E61FEC5BFA0007F8E4 /* TwitterKit.framework */ = {isa = PBXFileReference; lastKnownFileType = wrapper.framework; path = TwitterKit.framework; sourceTree = "<group>"; };
		5F7C97F11FEC66640007F8E4 /* TwitterViewController.swift */ = {isa = PBXFileReference; lastKnownFileType = sourcecode.swift; path = TwitterViewController.swift; sourceTree = "<group>"; };
		5FCDB1D41FF21C7900D638A8 /* HomeViewController.swift */ = {isa = PBXFileReference; lastKnownFileType = sourcecode.swift; path = HomeViewController.swift; sourceTree = "<group>"; };
		5FCDB1D71FF21E4500D638A8 /* SpeakerViewController.swift */ = {isa = PBXFileReference; lastKnownFileType = sourcecode.swift; path = SpeakerViewController.swift; sourceTree = "<group>"; };
		5FCDB1D91FF21E5700D638A8 /* SponsorViewController.swift */ = {isa = PBXFileReference; lastKnownFileType = sourcecode.swift; path = SponsorViewController.swift; sourceTree = "<group>"; };
		5FCDB1DD1FF21EBF00D638A8 /* ProgramViewController.swift */ = {isa = PBXFileReference; lastKnownFileType = sourcecode.swift; path = ProgramViewController.swift; sourceTree = "<group>"; };
		5FCDB1DF1FF21ED100D638A8 /* EventMapViewController.swift */ = {isa = PBXFileReference; lastKnownFileType = sourcecode.swift; path = EventMapViewController.swift; sourceTree = "<group>"; };
		5FCDB1E11FF21EF100D638A8 /* EntertainmentViewController.swift */ = {isa = PBXFileReference; lastKnownFileType = sourcecode.swift; path = EntertainmentViewController.swift; sourceTree = "<group>"; };
		5FCDB2291FF22A3500D638A8 /* SpeakerTableViewCell.swift */ = {isa = PBXFileReference; lastKnownFileType = sourcecode.swift; path = SpeakerTableViewCell.swift; sourceTree = "<group>"; };
		B92E29A41FF744DF00C43E7B /* DC-Theme.bundle */ = {isa = PBXFileReference; lastKnownFileType = "wrapper.plug-in"; path = "DC-Theme.bundle"; sourceTree = "<group>"; };
		B92E29A51FF744DF00C43E7B /* Info.plist */ = {isa = PBXFileReference; lastKnownFileType = text.plist.xml; path = Info.plist; sourceTree = "<group>"; };
		B92E29A71FF7450B00C43E7B /* libsqlite3.tbd */ = {isa = PBXFileReference; lastKnownFileType = "sourcecode.text-based-dylib-definition"; name = libsqlite3.tbd; path = usr/lib/libsqlite3.tbd; sourceTree = SDKROOT; };
		B9332A89200B4A8900D709F8 /* SpeakerCell.xib */ = {isa = PBXFileReference; fileEncoding = 4; lastKnownFileType = file.xib; path = SpeakerCell.xib; sourceTree = "<group>"; };
		B9332A8B200C767000D709F8 /* SmallEventCell.swift */ = {isa = PBXFileReference; lastKnownFileType = sourcecode.swift; path = SmallEventCell.swift; sourceTree = "<group>"; };
		B9332A8D200D3E2B00D709F8 /* CollectionViewer.swift */ = {isa = PBXFileReference; lastKnownFileType = sourcecode.swift; path = CollectionViewer.swift; sourceTree = "<group>"; };
		B9332A94200D43B000D709F8 /* MyTableCell.swift */ = {isa = PBXFileReference; lastKnownFileType = sourcecode.swift; path = MyTableCell.swift; sourceTree = "<group>"; };
		B9332A96200D47B500D709F8 /* CollectionViewCell.xib */ = {isa = PBXFileReference; lastKnownFileType = file.xib; path = CollectionViewCell.xib; sourceTree = "<group>"; };
		B9332A98200D978600D709F8 /* CollectionViewLayoutFlow.swift */ = {isa = PBXFileReference; lastKnownFileType = sourcecode.swift; path = CollectionViewLayoutFlow.swift; sourceTree = "<group>"; };
		B93EB3A22020FA040023AB66 /* Rail.pdf */ = {isa = PBXFileReference; lastKnownFileType = image.pdf; path = Rail.pdf; sourceTree = "<group>"; };
		B93EB3A42020FA1A0023AB66 /* air.png */ = {isa = PBXFileReference; lastKnownFileType = image.png; path = air.png; sourceTree = "<group>"; };
		B93EB3A7202105EE0023AB66 /* ReadMore.swift */ = {isa = PBXFileReference; lastKnownFileType = sourcecode.swift; path = ReadMore.swift; sourceTree = "<group>"; };
		B93EB3A92021093B0023AB66 /* WL draft.docx */ = {isa = PBXFileReference; lastKnownFileType = file; path = "WL draft.docx"; sourceTree = "<group>"; };
		B93EB3AF20216AB60023AB66 /* EmergencyCell.swift */ = {isa = PBXFileReference; lastKnownFileType = sourcecode.swift; path = EmergencyCell.swift; sourceTree = "<group>"; };
		B93EB3B120216AC50023AB66 /* EmergencyViewController.swift */ = {isa = PBXFileReference; lastKnownFileType = sourcecode.swift; path = EmergencyViewController.swift; sourceTree = "<group>"; };
		B9438D5620043D40002C457E /* GlobalMapViewController.swift */ = {isa = PBXFileReference; lastKnownFileType = sourcecode.swift; path = GlobalMapViewController.swift; sourceTree = "<group>"; };
		B94D6F43201BBAA800D90870 /* Storage.swift */ = {isa = PBXFileReference; lastKnownFileType = sourcecode.swift; path = Storage.swift; sourceTree = "<group>"; };
		B957CCFA1FFEBF9A00FE935D /* EventDetailViewController.swift */ = {isa = PBXFileReference; lastKnownFileType = sourcecode.swift; path = EventDetailViewController.swift; sourceTree = "<group>"; };
		B957CD021FFFCBD700FE935D /* EventDetailHeaderCell.swift */ = {isa = PBXFileReference; lastKnownFileType = sourcecode.swift; path = EventDetailHeaderCell.swift; sourceTree = "<group>"; };
		B957CD042000728500FE935D /* SpeakerCell.swift */ = {isa = PBXFileReference; lastKnownFileType = sourcecode.swift; path = SpeakerCell.swift; sourceTree = "<group>"; };
		B957CD06200078A600FE935D /* DescriptionCell.swift */ = {isa = PBXFileReference; lastKnownFileType = sourcecode.swift; path = DescriptionCell.swift; sourceTree = "<group>"; };
		B96528EC20027D8A00D498F5 /* SpeakerDetailViewController.swift */ = {isa = PBXFileReference; lastKnownFileType = sourcecode.swift; path = SpeakerDetailViewController.swift; sourceTree = "<group>"; };
		B97AE5CB1FF9BF21008D18EA /* BaseViewController.swift */ = {isa = PBXFileReference; fileEncoding = 4; lastKnownFileType = sourcecode.swift; path = BaseViewController.swift; sourceTree = "<group>"; };
		B97D77A82004968700427071 /* PdfViewerController.swift */ = {isa = PBXFileReference; lastKnownFileType = sourcecode.swift; path = PdfViewerController.swift; sourceTree = "<group>"; };
		B97D77AC2004ABFC00427071 /* DescriptionCell.xib */ = {isa = PBXFileReference; lastKnownFileType = file.xib; path = DescriptionCell.xib; sourceTree = "<group>"; };
		B97D77AE2005225A00427071 /* HeaderImageTableCell.swift */ = {isa = PBXFileReference; lastKnownFileType = sourcecode.swift; path = HeaderImageTableCell.swift; sourceTree = "<group>"; };
		B9B6CE891FC710F300435F86 /* MainViewController.swift */ = {isa = PBXFileReference; lastKnownFileType = sourcecode.swift; path = MainViewController.swift; sourceTree = "<group>"; };
		B9BBC60320044A1B0072B911 /* Second Level.pdf */ = {isa = PBXFileReference; lastKnownFileType = image.pdf; path = "Second Level.pdf"; sourceTree = "<group>"; };
		B9BBC60420044A1B0072B911 /* Mezzanine.pdf */ = {isa = PBXFileReference; lastKnownFileType = image.pdf; path = Mezzanine.pdf; sourceTree = "<group>"; };
		B9C29E9F1FFA9393004E914F /* ascedb.sql */ = {isa = PBXFileReference; lastKnownFileType = file; path = ascedb.sql; sourceTree = "<group>"; };
		B9C29EA11FFA9C18004E914F /* EventCell.xib */ = {isa = PBXFileReference; fileEncoding = 4; lastKnownFileType = file.xib; path = EventCell.xib; sourceTree = "<group>"; };
		B9C29EAB1FFAA2F8004E914F /* SponsorTableViewCell.swift */ = {isa = PBXFileReference; lastKnownFileType = sourcecode.swift; path = SponsorTableViewCell.swift; sourceTree = "<group>"; };
		B9DF2EF71FF9A7B600F99037 /* DataClasses.swift */ = {isa = PBXFileReference; fileEncoding = 4; lastKnownFileType = sourcecode.swift; path = DataClasses.swift; sourceTree = "<group>"; };
		B9DF2EF81FF9A7B600F99037 /* EventLoader.swift */ = {isa = PBXFileReference; fileEncoding = 4; lastKnownFileType = sourcecode.swift; path = EventLoader.swift; sourceTree = "<group>"; };
		B9DF2EFD1FF9B81200F99037 /* Constants.swift */ = {isa = PBXFileReference; fileEncoding = 4; lastKnownFileType = sourcecode.swift; path = Constants.swift; sourceTree = "<group>"; };
		B9DF2F021FF9B8C500F99037 /* EventCell.swift */ = {isa = PBXFileReference; fileEncoding = 4; lastKnownFileType = sourcecode.swift; path = EventCell.swift; sourceTree = "<group>"; };
		B9DF2F061FF9B91E00F99037 /* EventViewController.swift */ = {isa = PBXFileReference; fileEncoding = 4; lastKnownFileType = sourcecode.swift; path = EventViewController.swift; sourceTree = "<group>"; };
		B9DF2F0A1FF9BA5F00F99037 /* Database.swift */ = {isa = PBXFileReference; fileEncoding = 4; lastKnownFileType = sourcecode.swift; path = Database.swift; sourceTree = "<group>"; };
		B9FA4CAF1FC7000400956099 /* asce-ios.app */ = {isa = PBXFileReference; explicitFileType = wrapper.application; includeInIndex = 0; path = "asce-ios.app"; sourceTree = BUILT_PRODUCTS_DIR; };
		B9FA4CB21FC7000400956099 /* AppDelegate.swift */ = {isa = PBXFileReference; lastKnownFileType = sourcecode.swift; path = AppDelegate.swift; sourceTree = "<group>"; };
		B9FA4CB51FC7000400956099 /* asce_ios.xcdatamodel */ = {isa = PBXFileReference; lastKnownFileType = wrapper.xcdatamodel; path = asce_ios.xcdatamodel; sourceTree = "<group>"; };
		B9FA4CB71FC7000400956099 /* MasterViewController.swift */ = {isa = PBXFileReference; lastKnownFileType = sourcecode.swift; path = MasterViewController.swift; sourceTree = "<group>"; };
		B9FA4CB91FC7000400956099 /* DetailViewController.swift */ = {isa = PBXFileReference; lastKnownFileType = sourcecode.swift; path = DetailViewController.swift; sourceTree = "<group>"; };
		B9FA4CBC1FC7000400956099 /* Base */ = {isa = PBXFileReference; lastKnownFileType = file.storyboard; name = Base; path = Base.lproj/Main.storyboard; sourceTree = "<group>"; };
		B9FA4CBE1FC7000400956099 /* Assets.xcassets */ = {isa = PBXFileReference; lastKnownFileType = folder.assetcatalog; path = Assets.xcassets; sourceTree = "<group>"; };
		B9FA4CC11FC7000400956099 /* Base */ = {isa = PBXFileReference; lastKnownFileType = file.storyboard; name = Base; path = Base.lproj/LaunchScreen.storyboard; sourceTree = "<group>"; };
		B9FA4CC81FC7000400956099 /* asce-iosTests.xctest */ = {isa = PBXFileReference; explicitFileType = wrapper.cfbundle; includeInIndex = 0; path = "asce-iosTests.xctest"; sourceTree = BUILT_PRODUCTS_DIR; };
		B9FA4CD31FC7000400956099 /* asce-iosUITests.xctest */ = {isa = PBXFileReference; explicitFileType = wrapper.cfbundle; includeInIndex = 0; path = "asce-iosUITests.xctest"; sourceTree = BUILT_PRODUCTS_DIR; };
		B9FA4CE51FC7056600956099 /* TableViewMenuController.swift */ = {isa = PBXFileReference; fileEncoding = 4; lastKnownFileType = sourcecode.swift; path = TableViewMenuController.swift; sourceTree = "<group>"; };
		B9FA4CE61FC7056700956099 /* ZFRippleButton.swift */ = {isa = PBXFileReference; fileEncoding = 4; lastKnownFileType = sourcecode.swift; path = ZFRippleButton.swift; sourceTree = "<group>"; };
		B9FA4CE81FC7056700956099 /* MenuTableViewCell.swift */ = {isa = PBXFileReference; fileEncoding = 4; lastKnownFileType = sourcecode.swift; path = MenuTableViewCell.swift; sourceTree = "<group>"; };
/* End PBXFileReference section */

/* Begin PBXFrameworksBuildPhase section */
		B9FA4CAC1FC7000400956099 /* Frameworks */ = {
			isa = PBXFrameworksBuildPhase;
			buildActionMask = 2147483647;
			files = (
				5F7C97E91FEC5BFA0007F8E4 /* TwitterCore.framework in Frameworks */,
				5F7C97EA1FEC5BFA0007F8E4 /* TwitterKit.framework in Frameworks */,
			);
			runOnlyForDeploymentPostprocessing = 0;
		};
		B9FA4CC51FC7000400956099 /* Frameworks */ = {
			isa = PBXFrameworksBuildPhase;
			buildActionMask = 2147483647;
			files = (
			);
			runOnlyForDeploymentPostprocessing = 0;
		};
		B9FA4CD01FC7000400956099 /* Frameworks */ = {
			isa = PBXFrameworksBuildPhase;
			buildActionMask = 2147483647;
			files = (
			);
			runOnlyForDeploymentPostprocessing = 0;
		};
/* End PBXFrameworksBuildPhase section */

/* Begin PBXGroup section */
		5FCDB21F1FF2290000D638A8 /* HomeScreen */ = {
			isa = PBXGroup;
			children = (
				B9332A91200D438100D709F8 /* ViewCells */,
				5FCDB1D41FF21C7900D638A8 /* HomeViewController.swift */,
			);
			path = HomeScreen;
			sourceTree = "<group>";
		};
		5FCDB2201FF2290F00D638A8 /* SpeakerScreen */ = {
			isa = PBXGroup;
			children = (
				B9332A89200B4A8900D709F8 /* SpeakerCell.xib */,
				B957CD042000728500FE935D /* SpeakerCell.swift */,
				5FCDB1D71FF21E4500D638A8 /* SpeakerViewController.swift */,
				5FCDB2291FF22A3500D638A8 /* SpeakerTableViewCell.swift */,
				B96528EC20027D8A00D498F5 /* SpeakerDetailViewController.swift */,
			);
			path = SpeakerScreen;
			sourceTree = "<group>";
		};
		5FCDB2211FF2292800D638A8 /* SponsorScreen */ = {
			isa = PBXGroup;
			children = (
				5FCDB1D91FF21E5700D638A8 /* SponsorViewController.swift */,
				B9C29EAB1FFAA2F8004E914F /* SponsorTableViewCell.swift */,
			);
			path = SponsorScreen;
			sourceTree = "<group>";
		};
		5FCDB2221FF2292F00D638A8 /* ScheduleScreen */ = {
			isa = PBXGroup;
			children = (
				B9DF2F0C1FF9BAE700F99037 /* Schedule */,
				B9DF2F061FF9B91E00F99037 /* EventViewController.swift */,
				B957CCFA1FFEBF9A00FE935D /* EventDetailViewController.swift */,
			);
			path = ScheduleScreen;
			sourceTree = "<group>";
		};
		5FCDB2231FF2294300D638A8 /* ProgramScreen */ = {
			isa = PBXGroup;
			children = (
				5FCDB1DD1FF21EBF00D638A8 /* ProgramViewController.swift */,
			);
			path = ProgramScreen;
			sourceTree = "<group>";
		};
		5FCDB2241FF2294E00D638A8 /* EventMapScreen */ = {
			isa = PBXGroup;
			children = (
				5FCDB1DF1FF21ED100D638A8 /* EventMapViewController.swift */,
				B97D77A82004968700427071 /* PdfViewerController.swift */,
				B9438D5620043D40002C457E /* GlobalMapViewController.swift */,
			);
			path = EventMapScreen;
			sourceTree = "<group>";
		};
		5FCDB2251FF2295800D638A8 /* EntertainmentScreen */ = {
			isa = PBXGroup;
			children = (
				5FCDB1E11FF21EF100D638A8 /* EntertainmentViewController.swift */,
			);
			path = EntertainmentScreen;
			sourceTree = "<group>";
		};
		5FCDB2271FF2296E00D638A8 /* TwitterScreen */ = {
			isa = PBXGroup;
			children = (
				5F7C97F11FEC66640007F8E4 /* TwitterViewController.swift */,
			);
			path = TwitterScreen;
			sourceTree = "<group>";
		};
		5FCDB2281FF229DD00D638A8 /* Screens */ = {
			isa = PBXGroup;
			children = (
				B93EB3AE20216AA30023AB66 /* EmergencyScreen */,
				5FCDB2271FF2296E00D638A8 /* TwitterScreen */,
				5FCDB2251FF2295800D638A8 /* EntertainmentScreen */,
				5FCDB2241FF2294E00D638A8 /* EventMapScreen */,
				5FCDB2231FF2294300D638A8 /* ProgramScreen */,
				5FCDB2221FF2292F00D638A8 /* ScheduleScreen */,
				5FCDB2211FF2292800D638A8 /* SponsorScreen */,
				5FCDB2201FF2290F00D638A8 /* SpeakerScreen */,
				5FCDB21F1FF2290000D638A8 /* HomeScreen */,
			);
			path = Screens;
			sourceTree = "<group>";
		};
		B92E29A21FF744DF00C43E7B /* Targets */ = {
			isa = PBXGroup;
			children = (
				B92E29A51FF744DF00C43E7B /* Info.plist */,
				B9C29E9F1FFA9393004E914F /* ascedb.sql */,
				B92E29A31FF744DF00C43E7B /* Resources */,
			);
			path = Targets;
			sourceTree = "<group>";
		};
		B92E29A31FF744DF00C43E7B /* Resources */ = {
			isa = PBXGroup;
			children = (
				B92E29A41FF744DF00C43E7B /* DC-Theme.bundle */,
			);
			path = Resources;
			sourceTree = "<group>";
		};
		B92E29A61FF7450B00C43E7B /* Frameworks */ = {
			isa = PBXGroup;
			children = (
				5F13EDF020048F46000B1F3E /* speakerPictures */,
				5F7C97E61FEC5BFA0007F8E4 /* TwitterKit.framework */,
				5F7C97E41FEC5BFA0007F8E4 /* TwitterKitResources.bundle */,
				5F7C97E31FEC5BFA0007F8E4 /* TwitterShareExtensionUIResources.bundle */,
				5F7C97E51FEC5BFA0007F8E4 /* TwitterCore.framework */,
				B92E29A71FF7450B00C43E7B /* libsqlite3.tbd */,
			);
			name = Frameworks;
			sourceTree = "<group>";
		};
		B9332A91200D438100D709F8 /* ViewCells */ = {
			isa = PBXGroup;
			children = (
				B97D77AE2005225A00427071 /* HeaderImageTableCell.swift */,
				B9332A8B200C767000D709F8 /* SmallEventCell.swift */,
				B9332A94200D43B000D709F8 /* MyTableCell.swift */,
				B9332A8D200D3E2B00D709F8 /* CollectionViewer.swift */,
				B9332A96200D47B500D709F8 /* CollectionViewCell.xib */,
				B9332A98200D978600D709F8 /* CollectionViewLayoutFlow.swift */,
				B93EB3A7202105EE0023AB66 /* ReadMore.swift */,
			);
			path = ViewCells;
			sourceTree = "<group>";
		};
		B93EB3AE20216AA30023AB66 /* EmergencyScreen */ = {
			isa = PBXGroup;
			children = (
				B93EB3AF20216AB60023AB66 /* EmergencyCell.swift */,
				B93EB3B120216AC50023AB66 /* EmergencyViewController.swift */,
			);
			path = EmergencyScreen;
			sourceTree = "<group>";
		};
		B958E2B8200DDF3F0065ED88 /* Recovered References */ = {
			isa = PBXGroup;
			children = (
			);
			name = "Recovered References";
			sourceTree = "<group>";
		};
		B9BBC60220044A0F0072B911 /* PDF */ = {
			isa = PBXGroup;
			children = (
				B93EB3A22020FA040023AB66 /* Rail.pdf */,
				B93EB3A42020FA1A0023AB66 /* air.png */,
				B93EB3A92021093B0023AB66 /* WL draft.docx */,
				B9BBC60420044A1B0072B911 /* Mezzanine.pdf */,
				B9BBC60320044A1B0072B911 /* Second Level.pdf */,
			);
			path = PDF;
			sourceTree = "<group>";
		};
		B9DF2F0C1FF9BAE700F99037 /* Schedule */ = {
			isa = PBXGroup;
			children = (
				B9C29EA11FFA9C18004E914F /* EventCell.xib */,
				B9DF2F021FF9B8C500F99037 /* EventCell.swift */,
				B957CD021FFFCBD700FE935D /* EventDetailHeaderCell.swift */,
				B957CD06200078A600FE935D /* DescriptionCell.swift */,
				B97D77AC2004ABFC00427071 /* DescriptionCell.xib */,
			);
			path = Schedule;
			sourceTree = "<group>";
		};
		B9FA4CA61FC7000400956099 = {
			isa = PBXGroup;
			children = (
				B92E29A21FF744DF00C43E7B /* Targets */,
				B9FA4CB11FC7000400956099 /* asce-ios */,
				B9FA4CB01FC7000400956099 /* Products */,
				B92E29A61FF7450B00C43E7B /* Frameworks */,
				B958E2B8200DDF3F0065ED88 /* Recovered References */,
			);
			sourceTree = "<group>";
		};
		B9FA4CB01FC7000400956099 /* Products */ = {
			isa = PBXGroup;
			children = (
				B9FA4CAF1FC7000400956099 /* asce-ios.app */,
				B9FA4CC81FC7000400956099 /* asce-iosTests.xctest */,
				B9FA4CD31FC7000400956099 /* asce-iosUITests.xctest */,
			);
			name = Products;
			sourceTree = "<group>";
		};
		B9FA4CB11FC7000400956099 /* asce-ios */ = {
			isa = PBXGroup;
			children = (
				B9BBC60220044A0F0072B911 /* PDF */,
				5F13EE362004C074000B1F3E /* speakers.txt */,
				B9FA4CF11FC7057E00956099 /* model */,
				B9FA4CEF1FC7056C00956099 /* views */,
				B9FA4CBE1FC7000400956099 /* Assets.xcassets */,
				B9FA4CBB1FC7000400956099 /* Main.storyboard */,
				B9FA4CC01FC7000400956099 /* LaunchScreen.storyboard */,
				B9FA4CB41FC7000400956099 /* asce_ios.xcdatamodeld */,
			);
			path = "asce-ios";
			sourceTree = "<group>";
		};
		B9FA4CEF1FC7056C00956099 /* views */ = {
			isa = PBXGroup;
			children = (
				5FCDB2281FF229DD00D638A8 /* Screens */,
				B9FA4CF21FC7065E00956099 /* NavigationDrawer */,
				B9FA4CB71FC7000400956099 /* MasterViewController.swift */,
				B9FA4CB91FC7000400956099 /* DetailViewController.swift */,
				B9B6CE891FC710F300435F86 /* MainViewController.swift */,
			);
			path = views;
			sourceTree = "<group>";
		};
		B9FA4CF11FC7057E00956099 /* model */ = {
			isa = PBXGroup;
			children = (
				B9FA4CB21FC7000400956099 /* AppDelegate.swift */,
				B9DF2EFD1FF9B81200F99037 /* Constants.swift */,
				B9DF2EF71FF9A7B600F99037 /* DataClasses.swift */,
				B9DF2EF81FF9A7B600F99037 /* EventLoader.swift */,
				B9DF2F0A1FF9BA5F00F99037 /* Database.swift */,
				B94D6F43201BBAA800D90870 /* Storage.swift */,
			);
			path = model;
			sourceTree = "<group>";
		};
		B9FA4CF21FC7065E00956099 /* NavigationDrawer */ = {
			isa = PBXGroup;
			children = (
				B97AE5CB1FF9BF21008D18EA /* BaseViewController.swift */,
				B9FA4CE81FC7056700956099 /* MenuTableViewCell.swift */,
				B9FA4CE51FC7056600956099 /* TableViewMenuController.swift */,
				B9FA4CE61FC7056700956099 /* ZFRippleButton.swift */,
			);
			path = NavigationDrawer;
			sourceTree = "<group>";
		};
/* End PBXGroup section */

/* Begin PBXNativeTarget section */
		B9FA4CAE1FC7000400956099 /* asce-ios */ = {
			isa = PBXNativeTarget;
			buildConfigurationList = B9FA4CDC1FC7000400956099 /* Build configuration list for PBXNativeTarget "asce-ios" */;
			buildPhases = (
				B9FA4CAB1FC7000400956099 /* Sources */,
				B9FA4CAC1FC7000400956099 /* Frameworks */,
				B9FA4CAD1FC7000400956099 /* Resources */,
				5F7C97EF1FEC5C230007F8E4 /* Embed Frameworks */,
			);
			buildRules = (
			);
			dependencies = (
			);
			name = "asce-ios";
			productName = "asce-ios";
			productReference = B9FA4CAF1FC7000400956099 /* asce-ios.app */;
			productType = "com.apple.product-type.application";
		};
		B9FA4CC71FC7000400956099 /* asce-iosTests */ = {
			isa = PBXNativeTarget;
			buildConfigurationList = B9FA4CDF1FC7000400956099 /* Build configuration list for PBXNativeTarget "asce-iosTests" */;
			buildPhases = (
				B9FA4CC41FC7000400956099 /* Sources */,
				B9FA4CC51FC7000400956099 /* Frameworks */,
				B9FA4CC61FC7000400956099 /* Resources */,
			);
			buildRules = (
			);
			dependencies = (
				B9FA4CCA1FC7000400956099 /* PBXTargetDependency */,
			);
			name = "asce-iosTests";
			productName = "asce-iosTests";
			productReference = B9FA4CC81FC7000400956099 /* asce-iosTests.xctest */;
			productType = "com.apple.product-type.bundle.unit-test";
		};
		B9FA4CD21FC7000400956099 /* asce-iosUITests */ = {
			isa = PBXNativeTarget;
			buildConfigurationList = B9FA4CE21FC7000400956099 /* Build configuration list for PBXNativeTarget "asce-iosUITests" */;
			buildPhases = (
				B9FA4CCF1FC7000400956099 /* Sources */,
				B9FA4CD01FC7000400956099 /* Frameworks */,
				B9FA4CD11FC7000400956099 /* Resources */,
			);
			buildRules = (
			);
			dependencies = (
				B9FA4CD51FC7000400956099 /* PBXTargetDependency */,
			);
			name = "asce-iosUITests";
			productName = "asce-iosUITests";
			productReference = B9FA4CD31FC7000400956099 /* asce-iosUITests.xctest */;
			productType = "com.apple.product-type.bundle.ui-testing";
		};
/* End PBXNativeTarget section */

/* Begin PBXProject section */
		B9FA4CA71FC7000400956099 /* Project object */ = {
			isa = PBXProject;
			attributes = {
				LastSwiftUpdateCheck = 0910;
				LastUpgradeCheck = 0910;
				ORGANIZATIONNAME = tutorials;
				TargetAttributes = {
					B9FA4CAE1FC7000400956099 = {
						CreatedOnToolsVersion = 9.1;
						LastSwiftMigration = 0910;
						ProvisioningStyle = Automatic;
					};
					B9FA4CC71FC7000400956099 = {
						CreatedOnToolsVersion = 9.1;
						ProvisioningStyle = Automatic;
						TestTargetID = B9FA4CAE1FC7000400956099;
					};
					B9FA4CD21FC7000400956099 = {
						CreatedOnToolsVersion = 9.1;
						ProvisioningStyle = Automatic;
						TestTargetID = B9FA4CAE1FC7000400956099;
					};
				};
			};
			buildConfigurationList = B9FA4CAA1FC7000400956099 /* Build configuration list for PBXProject "asce-ios" */;
			compatibilityVersion = "Xcode 8.0";
			developmentRegion = en;
			hasScannedForEncodings = 0;
			knownRegions = (
				en,
				Base,
			);
			mainGroup = B9FA4CA61FC7000400956099;
			productRefGroup = B9FA4CB01FC7000400956099 /* Products */;
			projectDirPath = "";
			projectRoot = "";
			targets = (
				B9FA4CAE1FC7000400956099 /* asce-ios */,
				B9FA4CC71FC7000400956099 /* asce-iosTests */,
				B9FA4CD21FC7000400956099 /* asce-iosUITests */,
			);
		};
/* End PBXProject section */

/* Begin PBXResourcesBuildPhase section */
		B9FA4CAD1FC7000400956099 /* Resources */ = {
			isa = PBXResourcesBuildPhase;
			buildActionMask = 2147483647;
			files = (
				B93EB3A32020FA040023AB66 /* Rail.pdf in Resources */,
				B9FA4CC21FC7000400956099 /* LaunchScreen.storyboard in Resources */,
				B9FA4CBF1FC7000400956099 /* Assets.xcassets in Resources */,
				B9BBC60520044A1B0072B911 /* Second Level.pdf in Resources */,
				B97D77AD2004ABFC00427071 /* DescriptionCell.xib in Resources */,
				B9BBC60620044A1B0072B911 /* Mezzanine.pdf in Resources */,
				B93EB3AA2021093B0023AB66 /* WL draft.docx in Resources */,
				B93EB3A52020FA1B0023AB66 /* air.png in Resources */,
				B9332A97200D47B500D709F8 /* CollectionViewCell.xib in Resources */,
				5F13EE372004C074000B1F3E /* speakers.txt in Resources */,
				B9C29EA01FFA9394004E914F /* ascedb.sql in Resources */,
				B9332A8A200B4A8A00D709F8 /* SpeakerCell.xib in Resources */,
				B9FA4CBD1FC7000400956099 /* Main.storyboard in Resources */,
				5F7C97E71FEC5BFA0007F8E4 /* TwitterShareExtensionUIResources.bundle in Resources */,
				5F7C97E81FEC5BFA0007F8E4 /* TwitterKitResources.bundle in Resources */,
				B9C29EA21FFA9C18004E914F /* EventCell.xib in Resources */,
			);
			runOnlyForDeploymentPostprocessing = 0;
		};
		B9FA4CC61FC7000400956099 /* Resources */ = {
			isa = PBXResourcesBuildPhase;
			buildActionMask = 2147483647;
			files = (
			);
			runOnlyForDeploymentPostprocessing = 0;
		};
		B9FA4CD11FC7000400956099 /* Resources */ = {
			isa = PBXResourcesBuildPhase;
			buildActionMask = 2147483647;
			files = (
			);
			runOnlyForDeploymentPostprocessing = 0;
		};
/* End PBXResourcesBuildPhase section */

/* Begin PBXSourcesBuildPhase section */
		B9FA4CAB1FC7000400956099 /* Sources */ = {
			isa = PBXSourcesBuildPhase;
			buildActionMask = 2147483647;
			files = (
				B9DF2F0B1FF9BA5F00F99037 /* Database.swift in Sources */,
				B9DF2EFA1FF9A7B600F99037 /* DataClasses.swift in Sources */,
				B9332A95200D43B000D709F8 /* MyTableCell.swift in Sources */,
				B957CD031FFFCBD800FE935D /* EventDetailHeaderCell.swift in Sources */,
				5FCDB1E21FF21EF100D638A8 /* EntertainmentViewController.swift in Sources */,
				B957CD07200078A600FE935D /* DescriptionCell.swift in Sources */,
				B9332A99200D978600D709F8 /* CollectionViewLayoutFlow.swift in Sources */,
				B94D6F44201BBAA800D90870 /* Storage.swift in Sources */,
				5FCDB1D81FF21E4500D638A8 /* SpeakerViewController.swift in Sources */,
				B97D77A92004968700427071 /* PdfViewerController.swift in Sources */,
				B97AE5CC1FF9BF21008D18EA /* BaseViewController.swift in Sources */,
				B93EB3B020216AB60023AB66 /* EmergencyCell.swift in Sources */,
				B9FA4CB31FC7000400956099 /* AppDelegate.swift in Sources */,
				B97D77AF2005225A00427071 /* HeaderImageTableCell.swift in Sources */,
				B93EB3B220216AC50023AB66 /* EmergencyViewController.swift in Sources */,
				B9DF2EFE1FF9B81200F99037 /* Constants.swift in Sources */,
				B9B6CE8A1FC710F300435F86 /* MainViewController.swift in Sources */,
				B9FA4CB61FC7000400956099 /* asce_ios.xcdatamodeld in Sources */,
				B9DF2F071FF9B91E00F99037 /* EventViewController.swift in Sources */,
				B93EB3A8202105EE0023AB66 /* ReadMore.swift in Sources */,
				B96528ED20027D8A00D498F5 /* SpeakerDetailViewController.swift in Sources */,
				5FCDB1E01FF21ED100D638A8 /* EventMapViewController.swift in Sources */,
				B9332A8C200C767000D709F8 /* SmallEventCell.swift in Sources */,
				B9438D5720043D40002C457E /* GlobalMapViewController.swift in Sources */,
				5FCDB22A1FF22A3500D638A8 /* SpeakerTableViewCell.swift in Sources */,
				5F7C97F21FEC66640007F8E4 /* TwitterViewController.swift in Sources */,
				B9DF2EFB1FF9A7B600F99037 /* EventLoader.swift in Sources */,
				B9332A8E200D3E2B00D709F8 /* CollectionViewer.swift in Sources */,
				B9FA4CED1FC7056700956099 /* MenuTableViewCell.swift in Sources */,
				B957CCFB1FFEBF9A00FE935D /* EventDetailViewController.swift in Sources */,
				B9FA4CB81FC7000400956099 /* MasterViewController.swift in Sources */,
				B9FA4CEB1FC7056700956099 /* ZFRippleButton.swift in Sources */,
				B9FA4CEA1FC7056700956099 /* TableViewMenuController.swift in Sources */,
				B9DF2F031FF9B8C500F99037 /* EventCell.swift in Sources */,
				5FCDB1DA1FF21E5700D638A8 /* SponsorViewController.swift in Sources */,
				B9FA4CBA1FC7000400956099 /* DetailViewController.swift in Sources */,
				B9C29EAD1FFAA337004E914F /* SponsorTableViewCell.swift in Sources */,
				5FCDB1DE1FF21EBF00D638A8 /* ProgramViewController.swift in Sources */,
				5FCDB1D51FF21C7900D638A8 /* HomeViewController.swift in Sources */,
				B957CD052000728500FE935D /* SpeakerCell.swift in Sources */,
			);
			runOnlyForDeploymentPostprocessing = 0;
		};
		B9FA4CC41FC7000400956099 /* Sources */ = {
			isa = PBXSourcesBuildPhase;
			buildActionMask = 2147483647;
			files = (
			);
			runOnlyForDeploymentPostprocessing = 0;
		};
		B9FA4CCF1FC7000400956099 /* Sources */ = {
			isa = PBXSourcesBuildPhase;
			buildActionMask = 2147483647;
			files = (
			);
			runOnlyForDeploymentPostprocessing = 0;
		};
/* End PBXSourcesBuildPhase section */

/* Begin PBXTargetDependency section */
		B9FA4CCA1FC7000400956099 /* PBXTargetDependency */ = {
			isa = PBXTargetDependency;
			target = B9FA4CAE1FC7000400956099 /* asce-ios */;
			targetProxy = B9FA4CC91FC7000400956099 /* PBXContainerItemProxy */;
		};
		B9FA4CD51FC7000400956099 /* PBXTargetDependency */ = {
			isa = PBXTargetDependency;
			target = B9FA4CAE1FC7000400956099 /* asce-ios */;
			targetProxy = B9FA4CD41FC7000400956099 /* PBXContainerItemProxy */;
		};
/* End PBXTargetDependency section */

/* Begin PBXVariantGroup section */
		B9FA4CBB1FC7000400956099 /* Main.storyboard */ = {
			isa = PBXVariantGroup;
			children = (
				B9FA4CBC1FC7000400956099 /* Base */,
			);
			name = Main.storyboard;
			sourceTree = "<group>";
		};
		B9FA4CC01FC7000400956099 /* LaunchScreen.storyboard */ = {
			isa = PBXVariantGroup;
			children = (
				B9FA4CC11FC7000400956099 /* Base */,
			);
			name = LaunchScreen.storyboard;
			sourceTree = "<group>";
		};
/* End PBXVariantGroup section */

/* Begin XCBuildConfiguration section */
		B9FA4CDA1FC7000400956099 /* Debug */ = {
			isa = XCBuildConfiguration;
			buildSettings = {
				ALWAYS_SEARCH_USER_PATHS = NO;
				CLANG_ANALYZER_NONNULL = YES;
				CLANG_ANALYZER_NUMBER_OBJECT_CONVERSION = YES_AGGRESSIVE;
				CLANG_CXX_LANGUAGE_STANDARD = "gnu++14";
				CLANG_CXX_LIBRARY = "libc++";
				CLANG_ENABLE_MODULES = YES;
				CLANG_ENABLE_OBJC_ARC = YES;
				CLANG_WARN_BLOCK_CAPTURE_AUTORELEASING = YES;
				CLANG_WARN_BOOL_CONVERSION = YES;
				CLANG_WARN_COMMA = YES;
				CLANG_WARN_CONSTANT_CONVERSION = YES;
				CLANG_WARN_DIRECT_OBJC_ISA_USAGE = YES_ERROR;
				CLANG_WARN_DOCUMENTATION_COMMENTS = YES;
				CLANG_WARN_EMPTY_BODY = YES;
				CLANG_WARN_ENUM_CONVERSION = YES;
				CLANG_WARN_INFINITE_RECURSION = YES;
				CLANG_WARN_INT_CONVERSION = YES;
				CLANG_WARN_NON_LITERAL_NULL_CONVERSION = YES;
				CLANG_WARN_OBJC_LITERAL_CONVERSION = YES;
				CLANG_WARN_OBJC_ROOT_CLASS = YES_ERROR;
				CLANG_WARN_RANGE_LOOP_ANALYSIS = YES;
				CLANG_WARN_STRICT_PROTOTYPES = YES;
				CLANG_WARN_SUSPICIOUS_MOVE = YES;
				CLANG_WARN_UNGUARDED_AVAILABILITY = YES_AGGRESSIVE;
				CLANG_WARN_UNREACHABLE_CODE = YES;
				CLANG_WARN__DUPLICATE_METHOD_MATCH = YES;
				CODE_SIGN_IDENTITY = "iPhone Developer";
				COPY_PHASE_STRIP = NO;
				DEBUG_INFORMATION_FORMAT = dwarf;
				ENABLE_STRICT_OBJC_MSGSEND = YES;
				ENABLE_TESTABILITY = YES;
				GCC_C_LANGUAGE_STANDARD = gnu11;
				GCC_DYNAMIC_NO_PIC = NO;
				GCC_NO_COMMON_BLOCKS = YES;
				GCC_OPTIMIZATION_LEVEL = 0;
				GCC_PREPROCESSOR_DEFINITIONS = (
					"DEBUG=1",
					"$(inherited)",
				);
				GCC_WARN_64_TO_32_BIT_CONVERSION = YES;
				GCC_WARN_ABOUT_RETURN_TYPE = YES_ERROR;
				GCC_WARN_UNDECLARED_SELECTOR = YES;
				GCC_WARN_UNINITIALIZED_AUTOS = YES_AGGRESSIVE;
				GCC_WARN_UNUSED_FUNCTION = YES;
				GCC_WARN_UNUSED_VARIABLE = YES;
				IPHONEOS_DEPLOYMENT_TARGET = 11.1;
				MTL_ENABLE_DEBUG_INFO = YES;
				ONLY_ACTIVE_ARCH = YES;
				SDKROOT = iphoneos;
				SWIFT_ACTIVE_COMPILATION_CONDITIONS = DEBUG;
				SWIFT_OPTIMIZATION_LEVEL = "-Onone";
			};
			name = Debug;
		};
		B9FA4CDB1FC7000400956099 /* Release */ = {
			isa = XCBuildConfiguration;
			buildSettings = {
				ALWAYS_SEARCH_USER_PATHS = NO;
				CLANG_ANALYZER_NONNULL = YES;
				CLANG_ANALYZER_NUMBER_OBJECT_CONVERSION = YES_AGGRESSIVE;
				CLANG_CXX_LANGUAGE_STANDARD = "gnu++14";
				CLANG_CXX_LIBRARY = "libc++";
				CLANG_ENABLE_MODULES = YES;
				CLANG_ENABLE_OBJC_ARC = YES;
				CLANG_WARN_BLOCK_CAPTURE_AUTORELEASING = YES;
				CLANG_WARN_BOOL_CONVERSION = YES;
				CLANG_WARN_COMMA = YES;
				CLANG_WARN_CONSTANT_CONVERSION = YES;
				CLANG_WARN_DIRECT_OBJC_ISA_USAGE = YES_ERROR;
				CLANG_WARN_DOCUMENTATION_COMMENTS = YES;
				CLANG_WARN_EMPTY_BODY = YES;
				CLANG_WARN_ENUM_CONVERSION = YES;
				CLANG_WARN_INFINITE_RECURSION = YES;
				CLANG_WARN_INT_CONVERSION = YES;
				CLANG_WARN_NON_LITERAL_NULL_CONVERSION = YES;
				CLANG_WARN_OBJC_LITERAL_CONVERSION = YES;
				CLANG_WARN_OBJC_ROOT_CLASS = YES_ERROR;
				CLANG_WARN_RANGE_LOOP_ANALYSIS = YES;
				CLANG_WARN_STRICT_PROTOTYPES = YES;
				CLANG_WARN_SUSPICIOUS_MOVE = YES;
				CLANG_WARN_UNGUARDED_AVAILABILITY = YES_AGGRESSIVE;
				CLANG_WARN_UNREACHABLE_CODE = YES;
				CLANG_WARN__DUPLICATE_METHOD_MATCH = YES;
				CODE_SIGN_IDENTITY = "iPhone Developer";
				COPY_PHASE_STRIP = NO;
				DEBUG_INFORMATION_FORMAT = "dwarf-with-dsym";
				ENABLE_NS_ASSERTIONS = NO;
				ENABLE_STRICT_OBJC_MSGSEND = YES;
				GCC_C_LANGUAGE_STANDARD = gnu11;
				GCC_NO_COMMON_BLOCKS = YES;
				GCC_WARN_64_TO_32_BIT_CONVERSION = YES;
				GCC_WARN_ABOUT_RETURN_TYPE = YES_ERROR;
				GCC_WARN_UNDECLARED_SELECTOR = YES;
				GCC_WARN_UNINITIALIZED_AUTOS = YES_AGGRESSIVE;
				GCC_WARN_UNUSED_FUNCTION = YES;
				GCC_WARN_UNUSED_VARIABLE = YES;
				IPHONEOS_DEPLOYMENT_TARGET = 11.1;
				MTL_ENABLE_DEBUG_INFO = NO;
				SDKROOT = iphoneos;
				SWIFT_OPTIMIZATION_LEVEL = "-Owholemodule";
				VALIDATE_PRODUCT = YES;
			};
			name = Release;
		};
		B9FA4CDD1FC7000400956099 /* Debug */ = {
			isa = XCBuildConfiguration;
			buildSettings = {
				ASSETCATALOG_COMPILER_APPICON_NAME = AppIcon;
				CLANG_ENABLE_MODULES = YES;
				CODE_SIGN_STYLE = Automatic;
				DEVELOPMENT_TEAM = M7XT3Z682V;
				FRAMEWORK_SEARCH_PATHS = (
					"$(inherited)",
					"$(PROJECT_DIR)",
				);
				INFOPLIST_FILE = "$(SRCROOT)/Targets/info.plist";
				IPHONEOS_DEPLOYMENT_TARGET = 10.1;
				LD_RUNPATH_SEARCH_PATHS = "$(inherited) @executable_path/Frameworks";
				PRODUCT_BUNDLE_IDENTIFIER = "com.conferenceapp.asce-ios";
				PRODUCT_NAME = "$(TARGET_NAME)";
				SDKROOT = iphoneos11.1;
				"SDKROOT[arch=*]" = iphoneos11.1;
				SWIFT_VERSION = 4.0;
				TARGETED_DEVICE_FAMILY = "1,2";
			};
			name = Debug;
		};
		B9FA4CDE1FC7000400956099 /* Release */ = {
			isa = XCBuildConfiguration;
			buildSettings = {
				ASSETCATALOG_COMPILER_APPICON_NAME = AppIcon;
				CLANG_ENABLE_MODULES = YES;
				CODE_SIGN_STYLE = Automatic;
				DEVELOPMENT_TEAM = M7XT3Z682V;
				FRAMEWORK_SEARCH_PATHS = (
					"$(inherited)",
					"$(PROJECT_DIR)",
				);
				INFOPLIST_FILE = "$(SRCROOT)/Targets/info.plist";
				IPHONEOS_DEPLOYMENT_TARGET = 10.1;
				LD_RUNPATH_SEARCH_PATHS = "$(inherited) @executable_path/Frameworks";
				PRODUCT_BUNDLE_IDENTIFIER = "com.conferenceapp.asce-ios";
				PRODUCT_NAME = "$(TARGET_NAME)";
				SDKROOT = iphoneos11.1;
				SWIFT_VERSION = 4.0;
				TARGETED_DEVICE_FAMILY = "1,2";
			};
			name = Release;
		};
		B9FA4CE01FC7000400956099 /* Debug */ = {
			isa = XCBuildConfiguration;
			buildSettings = {
				ALWAYS_EMBED_SWIFT_STANDARD_LIBRARIES = YES;
				BUNDLE_LOADER = "$(TEST_HOST)";
				CODE_SIGN_STYLE = Automatic;
				INFOPLIST_FILE = "asce-iosTests/Info.plist";
				LD_RUNPATH_SEARCH_PATHS = "$(inherited) @executable_path/Frameworks @loader_path/Frameworks";
				PRODUCT_BUNDLE_IDENTIFIER = "com.tutorials.asce-iosTests";
				PRODUCT_NAME = "$(TARGET_NAME)";
				SWIFT_VERSION = 4.0;
				TARGETED_DEVICE_FAMILY = "1,2";
				TEST_HOST = "$(BUILT_PRODUCTS_DIR)/asce-ios.app/asce-ios";
			};
			name = Debug;
		};
		B9FA4CE11FC7000400956099 /* Release */ = {
			isa = XCBuildConfiguration;
			buildSettings = {
				ALWAYS_EMBED_SWIFT_STANDARD_LIBRARIES = YES;
				BUNDLE_LOADER = "$(TEST_HOST)";
				CODE_SIGN_STYLE = Automatic;
				INFOPLIST_FILE = "asce-iosTests/Info.plist";
				LD_RUNPATH_SEARCH_PATHS = "$(inherited) @executable_path/Frameworks @loader_path/Frameworks";
				PRODUCT_BUNDLE_IDENTIFIER = "com.tutorials.asce-iosTests";
				PRODUCT_NAME = "$(TARGET_NAME)";
				SWIFT_VERSION = 4.0;
				TARGETED_DEVICE_FAMILY = "1,2";
				TEST_HOST = "$(BUILT_PRODUCTS_DIR)/asce-ios.app/asce-ios";
			};
			name = Release;
		};
		B9FA4CE31FC7000400956099 /* Debug */ = {
			isa = XCBuildConfiguration;
			buildSettings = {
				ALWAYS_EMBED_SWIFT_STANDARD_LIBRARIES = YES;
				CODE_SIGN_STYLE = Automatic;
				INFOPLIST_FILE = "asce-iosUITests/Info.plist";
				LD_RUNPATH_SEARCH_PATHS = "$(inherited) @executable_path/Frameworks @loader_path/Frameworks";
				PRODUCT_BUNDLE_IDENTIFIER = "com.tutorials.asce-iosUITests";
				PRODUCT_NAME = "$(TARGET_NAME)";
				SWIFT_VERSION = 4.0;
				TARGETED_DEVICE_FAMILY = "1,2";
				TEST_TARGET_NAME = "asce-ios";
			};
			name = Debug;
		};
		B9FA4CE41FC7000400956099 /* Release */ = {
			isa = XCBuildConfiguration;
			buildSettings = {
				ALWAYS_EMBED_SWIFT_STANDARD_LIBRARIES = YES;
				CODE_SIGN_STYLE = Automatic;
				INFOPLIST_FILE = "asce-iosUITests/Info.plist";
				LD_RUNPATH_SEARCH_PATHS = "$(inherited) @executable_path/Frameworks @loader_path/Frameworks";
				PRODUCT_BUNDLE_IDENTIFIER = "com.tutorials.asce-iosUITests";
				PRODUCT_NAME = "$(TARGET_NAME)";
				SWIFT_VERSION = 4.0;
				TARGETED_DEVICE_FAMILY = "1,2";
				TEST_TARGET_NAME = "asce-ios";
			};
			name = Release;
		};
/* End XCBuildConfiguration section */

/* Begin XCConfigurationList section */
		B9FA4CAA1FC7000400956099 /* Build configuration list for PBXProject "asce-ios" */ = {
			isa = XCConfigurationList;
			buildConfigurations = (
				B9FA4CDA1FC7000400956099 /* Debug */,
				B9FA4CDB1FC7000400956099 /* Release */,
			);
			defaultConfigurationIsVisible = 0;
			defaultConfigurationName = Release;
		};
		B9FA4CDC1FC7000400956099 /* Build configuration list for PBXNativeTarget "asce-ios" */ = {
			isa = XCConfigurationList;
			buildConfigurations = (
				B9FA4CDD1FC7000400956099 /* Debug */,
				B9FA4CDE1FC7000400956099 /* Release */,
			);
			defaultConfigurationIsVisible = 0;
			defaultConfigurationName = Release;
		};
		B9FA4CDF1FC7000400956099 /* Build configuration list for PBXNativeTarget "asce-iosTests" */ = {
			isa = XCConfigurationList;
			buildConfigurations = (
				B9FA4CE01FC7000400956099 /* Debug */,
				B9FA4CE11FC7000400956099 /* Release */,
			);
			defaultConfigurationIsVisible = 0;
			defaultConfigurationName = Release;
		};
		B9FA4CE21FC7000400956099 /* Build configuration list for PBXNativeTarget "asce-iosUITests" */ = {
			isa = XCConfigurationList;
			buildConfigurations = (
				B9FA4CE31FC7000400956099 /* Debug */,
				B9FA4CE41FC7000400956099 /* Release */,
			);
			defaultConfigurationIsVisible = 0;
			defaultConfigurationName = Release;
		};
/* End XCConfigurationList section */

/* Begin XCVersionGroup section */
		B9FA4CB41FC7000400956099 /* asce_ios.xcdatamodeld */ = {
			isa = XCVersionGroup;
			children = (
				B9FA4CB51FC7000400956099 /* asce_ios.xcdatamodel */,
			);
			currentVersion = B9FA4CB51FC7000400956099 /* asce_ios.xcdatamodel */;
			path = asce_ios.xcdatamodeld;
			sourceTree = "<group>";
			versionGroupType = wrapper.xcdatamodel;
		};
/* End XCVersionGroup section */
	};
	rootObject = B9FA4CA71FC7000400956099 /* Project object */;
}
